// !$*UTF8*$!
{
	archiveVersion = 1;
	classes = {
	};
	objectVersion = 46;
	objects = {

/* Begin PBXBuildFile section */
		919156211C52A37F007C1512 /* main.m in Sources */ = {isa = PBXBuildFile; fileRef = 919156201C52A37F007C1512 /* main.m */; };
		919156241C52A37F007C1512 /* AppDelegate.m in Sources */ = {isa = PBXBuildFile; fileRef = 919156231C52A37F007C1512 /* AppDelegate.m */; };
		9191562A1C52A37F007C1512 /* Main.storyboard in Resources */ = {isa = PBXBuildFile; fileRef = 919156281C52A37F007C1512 /* Main.storyboard */; };
		9191562C1C52A37F007C1512 /* Assets.xcassets in Resources */ = {isa = PBXBuildFile; fileRef = 9191562B1C52A37F007C1512 /* Assets.xcassets */; };
		9191562F1C52A37F007C1512 /* LaunchScreen.storyboard in Resources */ = {isa = PBXBuildFile; fileRef = 9191562D1C52A37F007C1512 /* LaunchScreen.storyboard */; };
		919156381C52A424007C1512 /* RootVC.m in Sources */ = {isa = PBXBuildFile; fileRef = 919156371C52A424007C1512 /* RootVC.m */; };
		919156411C52AA85007C1512 /* NationalPark.m in Sources */ = {isa = PBXBuildFile; fileRef = 919156401C52AA85007C1512 /* NationalPark.m */; };
		919156441C52B213007C1512 /* DetailsVC.m in Sources */ = {isa = PBXBuildFile; fileRef = 919156431C52B213007C1512 /* DetailsVC.m */; };
		919484611C52CFAE00470860 /* WikiVC.m in Sources */ = {isa = PBXBuildFile; fileRef = 919484601C52CFAE00470860 /* WikiVC.m */; };
/* End PBXBuildFile section */

/* Begin PBXFileReference section */
		9191561C1C52A37F007C1512 /* Week Two Assessment.app */ = {isa = PBXFileReference; explicitFileType = wrapper.application; includeInIndex = 0; path = "Week Two Assessment.app"; sourceTree = BUILT_PRODUCTS_DIR; };
		919156201C52A37F007C1512 /* main.m */ = {isa = PBXFileReference; lastKnownFileType = sourcecode.c.objc; path = main.m; sourceTree = "<group>"; };
		919156221C52A37F007C1512 /* AppDelegate.h */ = {isa = PBXFileReference; lastKnownFileType = sourcecode.c.h; path = AppDelegate.h; sourceTree = "<group>"; };
		919156231C52A37F007C1512 /* AppDelegate.m */ = {isa = PBXFileReference; lastKnownFileType = sourcecode.c.objc; path = AppDelegate.m; sourceTree = "<group>"; };
		919156291C52A37F007C1512 /* Base */ = {isa = PBXFileReference; lastKnownFileType = file.storyboard; name = Base; path = Base.lproj/Main.storyboard; sourceTree = "<group>"; };
		9191562B1C52A37F007C1512 /* Assets.xcassets */ = {isa = PBXFileReference; lastKnownFileType = folder.assetcatalog; path = Assets.xcassets; sourceTree = "<group>"; };
		9191562E1C52A37F007C1512 /* Base */ = {isa = PBXFileReference; lastKnownFileType = file.storyboard; name = Base; path = Base.lproj/LaunchScreen.storyboard; sourceTree = "<group>"; };
		919156301C52A37F007C1512 /* Info.plist */ = {isa = PBXFileReference; lastKnownFileType = text.plist.xml; path = Info.plist; sourceTree = "<group>"; };
		919156361C52A424007C1512 /* RootVC.h */ = {isa = PBXFileReference; fileEncoding = 4; lastKnownFileType = sourcecode.c.h; name = RootVC.h; path = ../RootVC.h; sourceTree = "<group>"; };
		919156371C52A424007C1512 /* RootVC.m */ = {isa = PBXFileReference; fileEncoding = 4; lastKnownFileType = sourcecode.c.objc; name = RootVC.m; path = ../RootVC.m; sourceTree = "<group>"; };
		9191563F1C52AA85007C1512 /* NationalPark.h */ = {isa = PBXFileReference; fileEncoding = 4; lastKnownFileType = sourcecode.c.h; path = NationalPark.h; sourceTree = "<group>"; };
		919156401C52AA85007C1512 /* NationalPark.m */ = {isa = PBXFileReference; fileEncoding = 4; lastKnownFileType = sourcecode.c.objc; path = NationalPark.m; sourceTree = "<group>"; };
		919156421C52B213007C1512 /* DetailsVC.h */ = {isa = PBXFileReference; fileEncoding = 4; lastKnownFileType = sourcecode.c.h; path = DetailsVC.h; sourceTree = "<group>"; };
		919156431C52B213007C1512 /* DetailsVC.m */ = {isa = PBXFileReference; fileEncoding = 4; lastKnownFileType = sourcecode.c.objc; path = DetailsVC.m; sourceTree = "<group>"; };
		9194845F1C52CFAE00470860 /* WikiVC.h */ = {isa = PBXFileReference; fileEncoding = 4; lastKnownFileType = sourcecode.c.h; path = WikiVC.h; sourceTree = "<group>"; };
		919484601C52CFAE00470860 /* WikiVC.m */ = {isa = PBXFileReference; fileEncoding = 4; lastKnownFileType = sourcecode.c.objc; path = WikiVC.m; sourceTree = "<group>"; };
/* End PBXFileReference section */

/* Begin PBXFrameworksBuildPhase section */
		919156191C52A37F007C1512 /* Frameworks */ = {
			isa = PBXFrameworksBuildPhase;
			buildActionMask = 2147483647;
			files = (
			);
			runOnlyForDeploymentPostprocessing = 0;
		};
/* End PBXFrameworksBuildPhase section */

/* Begin PBXGroup section */
		919156131C52A37F007C1512 = {
			isa = PBXGroup;
			children = (
				9191561E1C52A37F007C1512 /* Week Two Assessment */,
				9191561D1C52A37F007C1512 /* Products */,
			);
			sourceTree = "<group>";
		};
		9191561D1C52A37F007C1512 /* Products */ = {
			isa = PBXGroup;
			children = (
				9191561C1C52A37F007C1512 /* Week Two Assessment.app */,
			);
			name = Products;
			sourceTree = "<group>";
		};
		9191561E1C52A37F007C1512 /* Week Two Assessment */ = {
			isa = PBXGroup;
			children = (
				919156281C52A37F007C1512 /* Main.storyboard */,
				9191563A1C52A43A007C1512 /* App Delegates */,
				919156391C52A42A007C1512 /* RootVC */,
				919156451C52B21A007C1512 /* DetailsVc */,
				919484621C52CFB200470860 /* WikiVC */,
				9191563E1C52A540007C1512 /* NationalParkClass */,
				9191562B1C52A37F007C1512 /* Assets.xcassets */,
				9191562D1C52A37F007C1512 /* LaunchScreen.storyboard */,
				919156301C52A37F007C1512 /* Info.plist */,
				9191561F1C52A37F007C1512 /* Supporting Files */,
			);
			path = "Week Two Assessment";
			sourceTree = "<group>";
		};
		9191561F1C52A37F007C1512 /* Supporting Files */ = {
			isa = PBXGroup;
			children = (
				919156201C52A37F007C1512 /* main.m */,
			);
			name = "Supporting Files";
			sourceTree = "<group>";
		};
		919156391C52A42A007C1512 /* RootVC */ = {
			isa = PBXGroup;
			children = (
				919156361C52A424007C1512 /* RootVC.h */,
				919156371C52A424007C1512 /* RootVC.m */,
			);
			name = RootVC;
			sourceTree = "<group>";
		};
		9191563A1C52A43A007C1512 /* App Delegates */ = {
			isa = PBXGroup;
			children = (
				919156221C52A37F007C1512 /* AppDelegate.h */,
				919156231C52A37F007C1512 /* AppDelegate.m */,
			);
			name = "App Delegates";
			sourceTree = "<group>";
		};
		9191563E1C52A540007C1512 /* NationalParkClass */ = {
			isa = PBXGroup;
			children = (
				9191563F1C52AA85007C1512 /* NationalPark.h */,
				919156401C52AA85007C1512 /* NationalPark.m */,
			);
			name = NationalParkClass;
			sourceTree = "<group>";
		};
		919156451C52B21A007C1512 /* DetailsVc */ = {
			isa = PBXGroup;
			children = (
				919156421C52B213007C1512 /* DetailsVC.h */,
				919156431C52B213007C1512 /* DetailsVC.m */,
			);
			name = DetailsVc;
			sourceTree = "<group>";
		};
		919484621C52CFB200470860 /* WikiVC */ = {
			isa = PBXGroup;
			children = (
				9194845F1C52CFAE00470860 /* WikiVC.h */,
				919484601C52CFAE00470860 /* WikiVC.m */,
			);
			name = WikiVC;
			sourceTree = "<group>";
		};
/* End PBXGroup section */

/* Begin PBXNativeTarget section */
		9191561B1C52A37F007C1512 /* Week Two Assessment */ = {
			isa = PBXNativeTarget;
			buildConfigurationList = 919156331C52A37F007C1512 /* Build configuration list for PBXNativeTarget "Week Two Assessment" */;
			buildPhases = (
				919156181C52A37F007C1512 /* Sources */,
				919156191C52A37F007C1512 /* Frameworks */,
				9191561A1C52A37F007C1512 /* Resources */,
			);
			buildRules = (
			);
			dependencies = (
			);
			name = "Week Two Assessment";
			productName = "Week Two Assessment";
			productReference = 9191561C1C52A37F007C1512 /* Week Two Assessment.app */;
			productType = "com.apple.product-type.application";
		};
/* End PBXNativeTarget section */

/* Begin PBXProject section */
		919156141C52A37F007C1512 /* Project object */ = {
			isa = PBXProject;
			attributes = {
				LastUpgradeCheck = 0720;
				ORGANIZATIONNAME = "Bikis Design";
				TargetAttributes = {
					9191561B1C52A37F007C1512 = {
						CreatedOnToolsVersion = 7.2;
					};
				};
			};
			buildConfigurationList = 919156171C52A37F007C1512 /* Build configuration list for PBXProject "Week Two Assessment" */;
			compatibilityVersion = "Xcode 3.2";
			developmentRegion = English;
			hasScannedForEncodings = 0;
			knownRegions = (
				en,
				Base,
			);
			mainGroup = 919156131C52A37F007C1512;
			productRefGroup = 9191561D1C52A37F007C1512 /* Products */;
			projectDirPath = "";
			projectRoot = "";
			targets = (
				9191561B1C52A37F007C1512 /* Week Two Assessment */,
			);
		};
/* End PBXProject section */

/* Begin PBXResourcesBuildPhase section */
		9191561A1C52A37F007C1512 /* Resources */ = {
			isa = PBXResourcesBuildPhase;
			buildActionMask = 2147483647;
			files = (
				9191562F1C52A37F007C1512 /* LaunchScreen.storyboard in Resources */,
				9191562C1C52A37F007C1512 /* Assets.xcassets in Resources */,
				9191562A1C52A37F007C1512 /* Main.storyboard in Resources */,
			);
			runOnlyForDeploymentPostprocessing = 0;
		};
/* End PBXResourcesBuildPhase section */

/* Begin PBXSourcesBuildPhase section */
		919156181C52A37F007C1512 /* Sources */ = {
			isa = PBXSourcesBuildPhase;
			buildActionMask = 2147483647;
			files = (
				919484611C52CFAE00470860 /* WikiVC.m in Sources */,
				919156381C52A424007C1512 /* RootVC.m in Sources */,
				919156241C52A37F007C1512 /* AppDelegate.m in Sources */,
				919156411C52AA85007C1512 /* NationalPark.m in Sources */,
				919156441C52B213007C1512 /* DetailsVC.m in Sources */,
				919156211C52A37F007C1512 /* main.m in Sources */,
			);
			runOnlyForDeploymentPostprocessing = 0;
		};
/* End PBXSourcesBuildPhase section */

/* Begin PBXVariantGroup section */
		919156281C52A37F007C1512 /* Main.storyboard */ = {
			isa = PBXVariantGroup;
			children = (
				919156291C52A37F007C1512 /* Base */,
			);
			name = Main.storyboard;
			sourceTree = "<group>";
		};
		9191562D1C52A37F007C1512 /* LaunchScreen.storyboard */ = {
			isa = PBXVariantGroup;
			children = (
				9191562E1C52A37F007C1512 /* Base */,
			);
			name = LaunchScreen.storyboard;
			sourceTree = "<group>";
		};
/* End PBXVariantGroup section */

/* Begin XCBuildConfiguration section */
		919156311C52A37F007C1512 /* Debug */ = {
			isa = XCBuildConfiguration;
			buildSettings = {
				ALWAYS_SEARCH_USER_PATHS = NO;
				CLANG_CXX_LANGUAGE_STANDARD = "gnu++0x";
				CLANG_CXX_LIBRARY = "libc++";
				CLANG_ENABLE_MODULES = YES;
				CLANG_ENABLE_OBJC_ARC = YES;
				CLANG_WARN_BOOL_CONVERSION = YES;
				CLANG_WARN_CONSTANT_CONVERSION = YES;
				CLANG_WARN_DIRECT_OBJC_ISA_USAGE = YES_ERROR;
				CLANG_WARN_EMPTY_BODY = YES;
				CLANG_WARN_ENUM_CONVERSION = YES;
				CLANG_WARN_INT_CONVERSION = YES;
				CLANG_WARN_OBJC_ROOT_CLASS = YES_ERROR;
				CLANG_WARN_UNREACHABLE_CODE = YES;
				CLANG_WARN__DUPLICATE_METHOD_MATCH = YES;
				"CODE_SIGN_IDENTITY[sdk=iphoneos*]" = "iPhone Developer";
				COPY_PHASE_STRIP = NO;
				DEBUG_INFORMATION_FORMAT = dwarf;
				ENABLE_STRICT_OBJC_MSGSEND = YES;
				ENABLE_TESTABILITY = YES;
				GCC_C_LANGUAGE_STANDARD = gnu99;
				GCC_DYNAMIC_NO_PIC = NO;
				GCC_NO_COMMON_BLOCKS = YES;
				GCC_OPTIMIZATION_LEVEL = 0;
				GCC_PREPROCESSOR_DEFINITIONS = (
					"DEBUG=1",
					"$(inherited)",
				);
				GCC_WARN_64_TO_32_BIT_CONVERSION = YES;
				GCC_WARN_ABOUT_RETURN_TYPE = YES_ERROR;
				GCC_WARN_UNDECLARED_SELECTOR = YES;
				GCC_WARN_UNINITIALIZED_AUTOS = YES_AGGRESSIVE;
				GCC_WARN_UNUSED_FUNCTION = YES;
				GCC_WARN_UNUSED_VARIABLE = YES;
				IPHONEOS_DEPLOYMENT_TARGET = 9.2;
				MTL_ENABLE_DEBUG_INFO = YES;
				ONLY_ACTIVE_ARCH = YES;
				SDKROOT = iphoneos;
			};
			name = Debug;
		};
		919156321C52A37F007C1512 /* Release */ = {
			isa = XCBuildConfiguration;
			buildSettings = {
				ALWAYS_SEARCH_USER_PATHS = NO;
				CLANG_CXX_LANGUAGE_STANDARD = "gnu++0x";
				CLANG_CXX_LIBRARY = "libc++";
				CLANG_ENABLE_MODULES = YES;
				CLANG_ENABLE_OBJC_ARC = YES;
				CLANG_WARN_BOOL_CONVERSION = YES;
				CLANG_WARN_CONSTANT_CONVERSION = YES;
				CLANG_WARN_DIRECT_OBJC_ISA_USAGE = YES_ERROR;
				CLANG_WARN_EMPTY_BODY = YES;
				CLANG_WARN_ENUM_CONVERSION = YES;
				CLANG_WARN_INT_CONVERSION = YES;
				CLANG_WARN_OBJC_ROOT_CLASS = YES_ERROR;
				CLANG_WARN_UNREACHABLE_CODE = YES;
				CLANG_WARN__DUPLICATE_METHOD_MATCH = YES;
				"CODE_SIGN_IDENTITY[sdk=iphoneos*]" = "iPhone Developer";
				COPY_PHASE_STRIP = NO;
				DEBUG_INFORMATION_FORMAT = "dwarf-with-dsym";
				ENABLE_NS_ASSERTIONS = NO;
				ENABLE_STRICT_OBJC_MSGSEND = YES;
				GCC_C_LANGUAGE_STANDARD = gnu99;
				GCC_NO_COMMON_BLOCKS = YES;
				GCC_WARN_64_TO_32_BIT_CONVERSION = YES;
				GCC_WARN_ABOUT_RETURN_TYPE = YES_ERROR;
				GCC_WARN_UNDECLARED_SELECTOR = YES;
				GCC_WARN_UNINITIALIZED_AUTOS = YES_AGGRESSIVE;
				GCC_WARN_UNUSED_FUNCTION = YES;
				GCC_WARN_UNUSED_VARIABLE = YES;
				IPHONEOS_DEPLOYMENT_TARGET = 9.2;
				MTL_ENABLE_DEBUG_INFO = NO;
				SDKROOT = iphoneos;
				VALIDATE_PRODUCT = YES;
			};
			name = Release;
		};
		919156341C52A37F007C1512 /* Debug */ = {
			isa = XCBuildConfiguration;
			buildSettings = {
				ASSETCATALOG_COMPILER_APPICON_NAME = AppIcon;
				INFOPLIST_FILE = "Week Two Assessment/Info.plist";
				LD_RUNPATH_SEARCH_PATHS = "$(inherited) @executable_path/Frameworks";
				PRODUCT_BUNDLE_IDENTIFIER = "com.mp-design.Week-Two-Assessment";
				PRODUCT_NAME = "$(TARGET_NAME)";
			};
			name = Debug;
		};
		919156351C52A37F007C1512 /* Release */ = {
			isa = XCBuildConfiguration;
			buildSettings = {
				ASSETCATALOG_COMPILER_APPICON_NAME = AppIcon;
				INFOPLIST_FILE = "Week Two Assessment/Info.plist";
				LD_RUNPATH_SEARCH_PATHS = "$(inherited) @executable_path/Frameworks";
				PRODUCT_BUNDLE_IDENTIFIER = "com.mp-design.Week-Two-Assessment";
				PRODUCT_NAME = "$(TARGET_NAME)";
			};
			name = Release;
		};
/* End XCBuildConfiguration section */

/* Begin XCConfigurationList section */
		919156171C52A37F007C1512 /* Build configuration list for PBXProject "Week Two Assessment" */ = {
			isa = XCConfigurationList;
			buildConfigurations = (
				919156311C52A37F007C1512 /* Debug */,
				919156321C52A37F007C1512 /* Release */,
			);
			defaultConfigurationIsVisible = 0;
			defaultConfigurationName = Release;
		};
		919156331C52A37F007C1512 /* Build configuration list for PBXNativeTarget "Week Two Assessment" */ = {
			isa = XCConfigurationList;
			buildConfigurations = (
				919156341C52A37F007C1512 /* Debug */,
				919156351C52A37F007C1512 /* Release */,
			);
			defaultConfigurationIsVisible = 0;
			defaultConfigurationName = Release;
		};
/* End XCConfigurationList section */
	};
	rootObject = 919156141C52A37F007C1512 /* Project object */;
}
