// !$*UTF8*$!
{
	archiveVersion = 1;
	classes = {
	};
	objectVersion = 46;
	objects = {

/* Begin PBXBuildFile section */
		9109C5191C50A6790098332A /* main.m in Sources */ = {isa = PBXBuildFile; fileRef = 9109C5181C50A6790098332A /* main.m */; };
		9109C51C1C50A6790098332A /* AppDelegate.m in Sources */ = {isa = PBXBuildFile; fileRef = 9109C51B1C50A6790098332A /* AppDelegate.m */; };
		9109C5221C50A6790098332A /* Main.storyboard in Resources */ = {isa = PBXBuildFile; fileRef = 9109C5201C50A6790098332A /* Main.storyboard */; };
		9109C5241C50A6790098332A /* Assets.xcassets in Resources */ = {isa = PBXBuildFile; fileRef = 9109C5231C50A6790098332A /* Assets.xcassets */; };
		9109C5271C50A6790098332A /* LaunchScreen.storyboard in Resources */ = {isa = PBXBuildFile; fileRef = 9109C5251C50A6790098332A /* LaunchScreen.storyboard */; };
		9109C5301C50A69B0098332A /* RootViewController.m in Sources */ = {isa = PBXBuildFile; fileRef = 9109C52F1C50A69B0098332A /* RootViewController.m */; };
		9109C5331C50AB5F0098332A /* CustomCollectionViewCell.m in Sources */ = {isa = PBXBuildFile; fileRef = 9109C5321C50AB5F0098332A /* CustomCollectionViewCell.m */; };
		9109C5351C50B1D90098332A /* View.xib in Resources */ = {isa = PBXBuildFile; fileRef = 9109C5341C50B1D90098332A /* View.xib */; };
		9109C5381C50B2020098332A /* FilterSelectorView.m in Sources */ = {isa = PBXBuildFile; fileRef = 9109C5371C50B2020098332A /* FilterSelectorView.m */; };
/* End PBXBuildFile section */

/* Begin PBXFileReference section */
		9109C5141C50A6790098332A /* Photo Filter.app */ = {isa = PBXFileReference; explicitFileType = wrapper.application; includeInIndex = 0; path = "Photo Filter.app"; sourceTree = BUILT_PRODUCTS_DIR; };
		9109C5181C50A6790098332A /* main.m */ = {isa = PBXFileReference; lastKnownFileType = sourcecode.c.objc; path = main.m; sourceTree = "<group>"; };
		9109C51A1C50A6790098332A /* AppDelegate.h */ = {isa = PBXFileReference; lastKnownFileType = sourcecode.c.h; path = AppDelegate.h; sourceTree = "<group>"; };
		9109C51B1C50A6790098332A /* AppDelegate.m */ = {isa = PBXFileReference; lastKnownFileType = sourcecode.c.objc; path = AppDelegate.m; sourceTree = "<group>"; };
		9109C5211C50A6790098332A /* Base */ = {isa = PBXFileReference; lastKnownFileType = file.storyboard; name = Base; path = Base.lproj/Main.storyboard; sourceTree = "<group>"; };
		9109C5231C50A6790098332A /* Assets.xcassets */ = {isa = PBXFileReference; lastKnownFileType = folder.assetcatalog; path = Assets.xcassets; sourceTree = "<group>"; };
		9109C5261C50A6790098332A /* Base */ = {isa = PBXFileReference; lastKnownFileType = file.storyboard; name = Base; path = Base.lproj/LaunchScreen.storyboard; sourceTree = "<group>"; };
		9109C5281C50A6790098332A /* Info.plist */ = {isa = PBXFileReference; lastKnownFileType = text.plist.xml; path = Info.plist; sourceTree = "<group>"; };
		9109C52E1C50A69B0098332A /* RootViewController.h */ = {isa = PBXFileReference; fileEncoding = 4; lastKnownFileType = sourcecode.c.h; path = RootViewController.h; sourceTree = "<group>"; };
		9109C52F1C50A69B0098332A /* RootViewController.m */ = {isa = PBXFileReference; fileEncoding = 4; lastKnownFileType = sourcecode.c.objc; path = RootViewController.m; sourceTree = "<group>"; };
		9109C5311C50AB5F0098332A /* CustomCollectionViewCell.h */ = {isa = PBXFileReference; fileEncoding = 4; lastKnownFileType = sourcecode.c.h; path = CustomCollectionViewCell.h; sourceTree = "<group>"; };
		9109C5321C50AB5F0098332A /* CustomCollectionViewCell.m */ = {isa = PBXFileReference; fileEncoding = 4; lastKnownFileType = sourcecode.c.objc; path = CustomCollectionViewCell.m; sourceTree = "<group>"; };
		9109C5341C50B1D90098332A /* View.xib */ = {isa = PBXFileReference; fileEncoding = 4; lastKnownFileType = file.xib; path = View.xib; sourceTree = "<group>"; };
		9109C5361C50B2020098332A /* FilterSelectorView.h */ = {isa = PBXFileReference; fileEncoding = 4; lastKnownFileType = sourcecode.c.h; path = FilterSelectorView.h; sourceTree = "<group>"; };
		9109C5371C50B2020098332A /* FilterSelectorView.m */ = {isa = PBXFileReference; fileEncoding = 4; lastKnownFileType = sourcecode.c.objc; path = FilterSelectorView.m; sourceTree = "<group>"; };
/* End PBXFileReference section */

/* Begin PBXFrameworksBuildPhase section */
		9109C5111C50A6790098332A /* Frameworks */ = {
			isa = PBXFrameworksBuildPhase;
			buildActionMask = 2147483647;
			files = (
			);
			runOnlyForDeploymentPostprocessing = 0;
		};
/* End PBXFrameworksBuildPhase section */

/* Begin PBXGroup section */
		9109C50B1C50A6790098332A = {
			isa = PBXGroup;
			children = (
				9109C5161C50A6790098332A /* Photo Filter */,
				9109C5151C50A6790098332A /* Products */,
			);
			sourceTree = "<group>";
		};
		9109C5151C50A6790098332A /* Products */ = {
			isa = PBXGroup;
			children = (
				9109C5141C50A6790098332A /* Photo Filter.app */,
			);
			name = Products;
			sourceTree = "<group>";
		};
		9109C5161C50A6790098332A /* Photo Filter */ = {
			isa = PBXGroup;
			children = (
				9109C5201C50A6790098332A /* Main.storyboard */,
				9109C52E1C50A69B0098332A /* RootViewController.h */,
				9109C52F1C50A69B0098332A /* RootViewController.m */,
				9109C5311C50AB5F0098332A /* CustomCollectionViewCell.h */,
				9109C5321C50AB5F0098332A /* CustomCollectionViewCell.m */,
				9109C5341C50B1D90098332A /* View.xib */,
				9109C5361C50B2020098332A /* FilterSelectorView.h */,
				9109C5371C50B2020098332A /* FilterSelectorView.m */,
				9109C51A1C50A6790098332A /* AppDelegate.h */,
				9109C51B1C50A6790098332A /* AppDelegate.m */,
				9109C5231C50A6790098332A /* Assets.xcassets */,
				9109C5251C50A6790098332A /* LaunchScreen.storyboard */,
				9109C5281C50A6790098332A /* Info.plist */,
				9109C5171C50A6790098332A /* Supporting Files */,
			);
			path = "Photo Filter";
			sourceTree = "<group>";
		};
		9109C5171C50A6790098332A /* Supporting Files */ = {
			isa = PBXGroup;
			children = (
				9109C5181C50A6790098332A /* main.m */,
			);
			name = "Supporting Files";
			sourceTree = "<group>";
		};
/* End PBXGroup section */

/* Begin PBXNativeTarget section */
		9109C5131C50A6790098332A /* Photo Filter */ = {
			isa = PBXNativeTarget;
			buildConfigurationList = 9109C52B1C50A6790098332A /* Build configuration list for PBXNativeTarget "Photo Filter" */;
			buildPhases = (
				9109C5101C50A6790098332A /* Sources */,
				9109C5111C50A6790098332A /* Frameworks */,
				9109C5121C50A6790098332A /* Resources */,
			);
			buildRules = (
			);
			dependencies = (
			);
			name = "Photo Filter";
			productName = "Photo Filter";
			productReference = 9109C5141C50A6790098332A /* Photo Filter.app */;
			productType = "com.apple.product-type.application";
		};
/* End PBXNativeTarget section */

/* Begin PBXProject section */
		9109C50C1C50A6790098332A /* Project object */ = {
			isa = PBXProject;
			attributes = {
				LastUpgradeCheck = 0720;
				ORGANIZATIONNAME = "Bikis Design";
				TargetAttributes = {
					9109C5131C50A6790098332A = {
						CreatedOnToolsVersion = 7.2;
					};
				};
			};
			buildConfigurationList = 9109C50F1C50A6790098332A /* Build configuration list for PBXProject "Photo Filter" */;
			compatibilityVersion = "Xcode 3.2";
			developmentRegion = English;
			hasScannedForEncodings = 0;
			knownRegions = (
				en,
				Base,
			);
			mainGroup = 9109C50B1C50A6790098332A;
			productRefGroup = 9109C5151C50A6790098332A /* Products */;
			projectDirPath = "";
			projectRoot = "";
			targets = (
				9109C5131C50A6790098332A /* Photo Filter */,
			);
		};
/* End PBXProject section */

/* Begin PBXResourcesBuildPhase section */
		9109C5121C50A6790098332A /* Resources */ = {
			isa = PBXResourcesBuildPhase;
			buildActionMask = 2147483647;
			files = (
				9109C5351C50B1D90098332A /* View.xib in Resources */,
				9109C5271C50A6790098332A /* LaunchScreen.storyboard in Resources */,
				9109C5241C50A6790098332A /* Assets.xcassets in Resources */,
				9109C5221C50A6790098332A /* Main.storyboard in Resources */,
			);
			runOnlyForDeploymentPostprocessing = 0;
		};
/* End PBXResourcesBuildPhase section */

/* Begin PBXSourcesBuildPhase section */
		9109C5101C50A6790098332A /* Sources */ = {
			isa = PBXSourcesBuildPhase;
			buildActionMask = 2147483647;
			files = (
				9109C51C1C50A6790098332A /* AppDelegate.m in Sources */,
				9109C5381C50B2020098332A /* FilterSelectorView.m in Sources */,
				9109C5191C50A6790098332A /* main.m in Sources */,
				9109C5301C50A69B0098332A /* RootViewController.m in Sources */,
				9109C5331C50AB5F0098332A /* CustomCollectionViewCell.m in Sources */,
			);
			runOnlyForDeploymentPostprocessing = 0;
		};
/* End PBXSourcesBuildPhase section */

/* Begin PBXVariantGroup section */
		9109C5201C50A6790098332A /* Main.storyboard */ = {
			isa = PBXVariantGroup;
			children = (
				9109C5211C50A6790098332A /* Base */,
			);
			name = Main.storyboard;
			sourceTree = "<group>";
		};
		9109C5251C50A6790098332A /* LaunchScreen.storyboard */ = {
			isa = PBXVariantGroup;
			children = (
				9109C5261C50A6790098332A /* Base */,
			);
			name = LaunchScreen.storyboard;
			sourceTree = "<group>";
		};
/* End PBXVariantGroup section */

/* Begin XCBuildConfiguration section */
		9109C5291C50A6790098332A /* Debug */ = {
			isa = XCBuildConfiguration;
			buildSettings = {
				ALWAYS_SEARCH_USER_PATHS = NO;
				CLANG_CXX_LANGUAGE_STANDARD = "gnu++0x";
				CLANG_CXX_LIBRARY = "libc++";
				CLANG_ENABLE_MODULES = YES;
				CLANG_ENABLE_OBJC_ARC = YES;
				CLANG_WARN_BOOL_CONVERSION = YES;
				CLANG_WARN_CONSTANT_CONVERSION = YES;
				CLANG_WARN_DIRECT_OBJC_ISA_USAGE = YES_ERROR;
				CLANG_WARN_EMPTY_BODY = YES;
				CLANG_WARN_ENUM_CONVERSION = YES;
				CLANG_WARN_INT_CONVERSION = YES;
				CLANG_WARN_OBJC_ROOT_CLASS = YES_ERROR;
				CLANG_WARN_UNREACHABLE_CODE = YES;
				CLANG_WARN__DUPLICATE_METHOD_MATCH = YES;
				"CODE_SIGN_IDENTITY[sdk=iphoneos*]" = "iPhone Developer";
				COPY_PHASE_STRIP = NO;
				DEBUG_INFORMATION_FORMAT = dwarf;
				ENABLE_STRICT_OBJC_MSGSEND = YES;
				ENABLE_TESTABILITY = YES;
				GCC_C_LANGUAGE_STANDARD = gnu99;
				GCC_DYNAMIC_NO_PIC = NO;
				GCC_NO_COMMON_BLOCKS = YES;
				GCC_OPTIMIZATION_LEVEL = 0;
				GCC_PREPROCESSOR_DEFINITIONS = (
					"DEBUG=1",
					"$(inherited)",
				);
				GCC_WARN_64_TO_32_BIT_CONVERSION = YES;
				GCC_WARN_ABOUT_RETURN_TYPE = YES_ERROR;
				GCC_WARN_UNDECLARED_SELECTOR = YES;
				GCC_WARN_UNINITIALIZED_AUTOS = YES_AGGRESSIVE;
				GCC_WARN_UNUSED_FUNCTION = YES;
				GCC_WARN_UNUSED_VARIABLE = YES;
				IPHONEOS_DEPLOYMENT_TARGET = 9.2;
				MTL_ENABLE_DEBUG_INFO = YES;
				ONLY_ACTIVE_ARCH = YES;
				SDKROOT = iphoneos;
			};
			name = Debug;
		};
		9109C52A1C50A6790098332A /* Release */ = {
			isa = XCBuildConfiguration;
			buildSettings = {
				ALWAYS_SEARCH_USER_PATHS = NO;
				CLANG_CXX_LANGUAGE_STANDARD = "gnu++0x";
				CLANG_CXX_LIBRARY = "libc++";
				CLANG_ENABLE_MODULES = YES;
				CLANG_ENABLE_OBJC_ARC = YES;
				CLANG_WARN_BOOL_CONVERSION = YES;
				CLANG_WARN_CONSTANT_CONVERSION = YES;
				CLANG_WARN_DIRECT_OBJC_ISA_USAGE = YES_ERROR;
				CLANG_WARN_EMPTY_BODY = YES;
				CLANG_WARN_ENUM_CONVERSION = YES;
				CLANG_WARN_INT_CONVERSION = YES;
				CLANG_WARN_OBJC_ROOT_CLASS = YES_ERROR;
				CLANG_WARN_UNREACHABLE_CODE = YES;
				CLANG_WARN__DUPLICATE_METHOD_MATCH = YES;
				"CODE_SIGN_IDENTITY[sdk=iphoneos*]" = "iPhone Developer";
				COPY_PHASE_STRIP = NO;
				DEBUG_INFORMATION_FORMAT = "dwarf-with-dsym";
				ENABLE_NS_ASSERTIONS = NO;
				ENABLE_STRICT_OBJC_MSGSEND = YES;
				GCC_C_LANGUAGE_STANDARD = gnu99;
				GCC_NO_COMMON_BLOCKS = YES;
				GCC_WARN_64_TO_32_BIT_CONVERSION = YES;
				GCC_WARN_ABOUT_RETURN_TYPE = YES_ERROR;
				GCC_WARN_UNDECLARED_SELECTOR = YES;
				GCC_WARN_UNINITIALIZED_AUTOS = YES_AGGRESSIVE;
				GCC_WARN_UNUSED_FUNCTION = YES;
				GCC_WARN_UNUSED_VARIABLE = YES;
				IPHONEOS_DEPLOYMENT_TARGET = 9.2;
				MTL_ENABLE_DEBUG_INFO = NO;
				SDKROOT = iphoneos;
				VALIDATE_PRODUCT = YES;
			};
			name = Release;
		};
		9109C52C1C50A6790098332A /* Debug */ = {
			isa = XCBuildConfiguration;
			buildSettings = {
				ASSETCATALOG_COMPILER_APPICON_NAME = AppIcon;
				INFOPLIST_FILE = "Photo Filter/Info.plist";
				LD_RUNPATH_SEARCH_PATHS = "$(inherited) @executable_path/Frameworks";
				PRODUCT_BUNDLE_IDENTIFIER = "com.mp-design.Photo-Filter";
				PRODUCT_NAME = "$(TARGET_NAME)";
			};
			name = Debug;
		};
		9109C52D1C50A6790098332A /* Release */ = {
			isa = XCBuildConfiguration;
			buildSettings = {
				ASSETCATALOG_COMPILER_APPICON_NAME = AppIcon;
				INFOPLIST_FILE = "Photo Filter/Info.plist";
				LD_RUNPATH_SEARCH_PATHS = "$(inherited) @executable_path/Frameworks";
				PRODUCT_BUNDLE_IDENTIFIER = "com.mp-design.Photo-Filter";
				PRODUCT_NAME = "$(TARGET_NAME)";
			};
			name = Release;
		};
/* End XCBuildConfiguration section */

/* Begin XCConfigurationList section */
		9109C50F1C50A6790098332A /* Build configuration list for PBXProject "Photo Filter" */ = {
			isa = XCConfigurationList;
			buildConfigurations = (
				9109C5291C50A6790098332A /* Debug */,
				9109C52A1C50A6790098332A /* Release */,
			);
			defaultConfigurationIsVisible = 0;
			defaultConfigurationName = Release;
		};
		9109C52B1C50A6790098332A /* Build configuration list for PBXNativeTarget "Photo Filter" */ = {
			isa = XCConfigurationList;
			buildConfigurations = (
				9109C52C1C50A6790098332A /* Debug */,
				9109C52D1C50A6790098332A /* Release */,
			);
			defaultConfigurationIsVisible = 0;
			defaultConfigurationName = Release;
		};
/* End XCConfigurationList section */
	};
	rootObject = 9109C50C1C50A6790098332A /* Project object */;
}
