// !$*UTF8*$!
{
	archiveVersion = 1;
	classes = {
	};
	objectVersion = 46;
	objects = {

/* Begin PBXBuildFile section */
		91CCE5541C484DD3000C938E /* main.m in Sources */ = {isa = PBXBuildFile; fileRef = 91CCE5531C484DD3000C938E /* main.m */; };
		91CCE5571C484DD3000C938E /* AppDelegate.m in Sources */ = {isa = PBXBuildFile; fileRef = 91CCE5561C484DD3000C938E /* AppDelegate.m */; };
		91CCE55A1C484DD3000C938E /* ViewController.m in Sources */ = {isa = PBXBuildFile; fileRef = 91CCE5591C484DD3000C938E /* ViewController.m */; };
		91CCE55D1C484DD3000C938E /* Main.storyboard in Resources */ = {isa = PBXBuildFile; fileRef = 91CCE55B1C484DD3000C938E /* Main.storyboard */; };
		91CCE55F1C484DD3000C938E /* Assets.xcassets in Resources */ = {isa = PBXBuildFile; fileRef = 91CCE55E1C484DD3000C938E /* Assets.xcassets */; };
		91CCE5621C484DD3000C938E /* LaunchScreen.storyboard in Resources */ = {isa = PBXBuildFile; fileRef = 91CCE5601C484DD3000C938E /* LaunchScreen.storyboard */; };
/* End PBXBuildFile section */

/* Begin PBXFileReference section */
		91CCE54F1C484DD3000C938E /* TicTacToe.app */ = {isa = PBXFileReference; explicitFileType = wrapper.application; includeInIndex = 0; path = TicTacToe.app; sourceTree = BUILT_PRODUCTS_DIR; };
		91CCE5531C484DD3000C938E /* main.m */ = {isa = PBXFileReference; lastKnownFileType = sourcecode.c.objc; path = main.m; sourceTree = "<group>"; };
		91CCE5551C484DD3000C938E /* AppDelegate.h */ = {isa = PBXFileReference; lastKnownFileType = sourcecode.c.h; path = AppDelegate.h; sourceTree = "<group>"; };
		91CCE5561C484DD3000C938E /* AppDelegate.m */ = {isa = PBXFileReference; lastKnownFileType = sourcecode.c.objc; path = AppDelegate.m; sourceTree = "<group>"; };
		91CCE5581C484DD3000C938E /* ViewController.h */ = {isa = PBXFileReference; lastKnownFileType = sourcecode.c.h; path = ViewController.h; sourceTree = "<group>"; };
		91CCE5591C484DD3000C938E /* ViewController.m */ = {isa = PBXFileReference; lastKnownFileType = sourcecode.c.objc; path = ViewController.m; sourceTree = "<group>"; };
		91CCE55C1C484DD3000C938E /* Base */ = {isa = PBXFileReference; lastKnownFileType = file.storyboard; name = Base; path = Base.lproj/Main.storyboard; sourceTree = "<group>"; };
		91CCE55E1C484DD3000C938E /* Assets.xcassets */ = {isa = PBXFileReference; lastKnownFileType = folder.assetcatalog; path = Assets.xcassets; sourceTree = "<group>"; };
		91CCE5611C484DD3000C938E /* Base */ = {isa = PBXFileReference; lastKnownFileType = file.storyboard; name = Base; path = Base.lproj/LaunchScreen.storyboard; sourceTree = "<group>"; };
		91CCE5631C484DD3000C938E /* Info.plist */ = {isa = PBXFileReference; lastKnownFileType = text.plist.xml; path = Info.plist; sourceTree = "<group>"; };
/* End PBXFileReference section */

/* Begin PBXFrameworksBuildPhase section */
		91CCE54C1C484DD3000C938E /* Frameworks */ = {
			isa = PBXFrameworksBuildPhase;
			buildActionMask = 2147483647;
			files = (
			);
			runOnlyForDeploymentPostprocessing = 0;
		};
/* End PBXFrameworksBuildPhase section */

/* Begin PBXGroup section */
		91CCE5461C484DD3000C938E = {
			isa = PBXGroup;
			children = (
				91CCE5511C484DD3000C938E /* TicTacToe */,
				91CCE5501C484DD3000C938E /* Products */,
			);
			sourceTree = "<group>";
		};
		91CCE5501C484DD3000C938E /* Products */ = {
			isa = PBXGroup;
			children = (
				91CCE54F1C484DD3000C938E /* TicTacToe.app */,
			);
			name = Products;
			sourceTree = "<group>";
		};
		91CCE5511C484DD3000C938E /* TicTacToe */ = {
			isa = PBXGroup;
			children = (
				91CCE5551C484DD3000C938E /* AppDelegate.h */,
				91CCE5561C484DD3000C938E /* AppDelegate.m */,
				91CCE5581C484DD3000C938E /* ViewController.h */,
				91CCE5591C484DD3000C938E /* ViewController.m */,
				91CCE55B1C484DD3000C938E /* Main.storyboard */,
				91CCE55E1C484DD3000C938E /* Assets.xcassets */,
				91CCE5601C484DD3000C938E /* LaunchScreen.storyboard */,
				91CCE5631C484DD3000C938E /* Info.plist */,
				91CCE5521C484DD3000C938E /* Supporting Files */,
			);
			path = TicTacToe;
			sourceTree = "<group>";
		};
		91CCE5521C484DD3000C938E /* Supporting Files */ = {
			isa = PBXGroup;
			children = (
				91CCE5531C484DD3000C938E /* main.m */,
			);
			name = "Supporting Files";
			sourceTree = "<group>";
		};
/* End PBXGroup section */

/* Begin PBXNativeTarget section */
		91CCE54E1C484DD3000C938E /* TicTacToe */ = {
			isa = PBXNativeTarget;
			buildConfigurationList = 91CCE5661C484DD3000C938E /* Build configuration list for PBXNativeTarget "TicTacToe" */;
			buildPhases = (
				91CCE54B1C484DD3000C938E /* Sources */,
				91CCE54C1C484DD3000C938E /* Frameworks */,
				91CCE54D1C484DD3000C938E /* Resources */,
			);
			buildRules = (
			);
			dependencies = (
			);
			name = TicTacToe;
			productName = TicTacToe;
			productReference = 91CCE54F1C484DD3000C938E /* TicTacToe.app */;
			productType = "com.apple.product-type.application";
		};
/* End PBXNativeTarget section */

/* Begin PBXProject section */
		91CCE5471C484DD3000C938E /* Project object */ = {
			isa = PBXProject;
			attributes = {
				LastUpgradeCheck = 0720;
				ORGANIZATIONNAME = "Bikis Design";
				TargetAttributes = {
					91CCE54E1C484DD3000C938E = {
						CreatedOnToolsVersion = 7.2;
					};
				};
			};
			buildConfigurationList = 91CCE54A1C484DD3000C938E /* Build configuration list for PBXProject "TicTacToe" */;
			compatibilityVersion = "Xcode 3.2";
			developmentRegion = English;
			hasScannedForEncodings = 0;
			knownRegions = (
				en,
				Base,
			);
			mainGroup = 91CCE5461C484DD3000C938E;
			productRefGroup = 91CCE5501C484DD3000C938E /* Products */;
			projectDirPath = "";
			projectRoot = "";
			targets = (
				91CCE54E1C484DD3000C938E /* TicTacToe */,
			);
		};
/* End PBXProject section */

/* Begin PBXResourcesBuildPhase section */
		91CCE54D1C484DD3000C938E /* Resources */ = {
			isa = PBXResourcesBuildPhase;
			buildActionMask = 2147483647;
			files = (
				91CCE5621C484DD3000C938E /* LaunchScreen.storyboard in Resources */,
				91CCE55F1C484DD3000C938E /* Assets.xcassets in Resources */,
				91CCE55D1C484DD3000C938E /* Main.storyboard in Resources */,
			);
			runOnlyForDeploymentPostprocessing = 0;
		};
/* End PBXResourcesBuildPhase section */

/* Begin PBXSourcesBuildPhase section */
		91CCE54B1C484DD3000C938E /* Sources */ = {
			isa = PBXSourcesBuildPhase;
			buildActionMask = 2147483647;
			files = (
				91CCE55A1C484DD3000C938E /* ViewController.m in Sources */,
				91CCE5571C484DD3000C938E /* AppDelegate.m in Sources */,
				91CCE5541C484DD3000C938E /* main.m in Sources */,
			);
			runOnlyForDeploymentPostprocessing = 0;
		};
/* End PBXSourcesBuildPhase section */

/* Begin PBXVariantGroup section */
		91CCE55B1C484DD3000C938E /* Main.storyboard */ = {
			isa = PBXVariantGroup;
			children = (
				91CCE55C1C484DD3000C938E /* Base */,
			);
			name = Main.storyboard;
			sourceTree = "<group>";
		};
		91CCE5601C484DD3000C938E /* LaunchScreen.storyboard */ = {
			isa = PBXVariantGroup;
			children = (
				91CCE5611C484DD3000C938E /* Base */,
			);
			name = LaunchScreen.storyboard;
			sourceTree = "<group>";
		};
/* End PBXVariantGroup section */

/* Begin XCBuildConfiguration section */
		91CCE5641C484DD3000C938E /* Debug */ = {
			isa = XCBuildConfiguration;
			buildSettings = {
				ALWAYS_SEARCH_USER_PATHS = NO;
				CLANG_CXX_LANGUAGE_STANDARD = "gnu++0x";
				CLANG_CXX_LIBRARY = "libc++";
				CLANG_ENABLE_MODULES = YES;
				CLANG_ENABLE_OBJC_ARC = YES;
				CLANG_WARN_BOOL_CONVERSION = YES;
				CLANG_WARN_CONSTANT_CONVERSION = YES;
				CLANG_WARN_DIRECT_OBJC_ISA_USAGE = YES_ERROR;
				CLANG_WARN_EMPTY_BODY = YES;
				CLANG_WARN_ENUM_CONVERSION = YES;
				CLANG_WARN_INT_CONVERSION = YES;
				CLANG_WARN_OBJC_ROOT_CLASS = YES_ERROR;
				CLANG_WARN_UNREACHABLE_CODE = YES;
				CLANG_WARN__DUPLICATE_METHOD_MATCH = YES;
				"CODE_SIGN_IDENTITY[sdk=iphoneos*]" = "iPhone Developer";
				COPY_PHASE_STRIP = NO;
				DEBUG_INFORMATION_FORMAT = dwarf;
				ENABLE_STRICT_OBJC_MSGSEND = YES;
				ENABLE_TESTABILITY = YES;
				GCC_C_LANGUAGE_STANDARD = gnu99;
				GCC_DYNAMIC_NO_PIC = NO;
				GCC_NO_COMMON_BLOCKS = YES;
				GCC_OPTIMIZATION_LEVEL = 0;
				GCC_PREPROCESSOR_DEFINITIONS = (
					"DEBUG=1",
					"$(inherited)",
				);
				GCC_WARN_64_TO_32_BIT_CONVERSION = YES;
				GCC_WARN_ABOUT_RETURN_TYPE = YES_ERROR;
				GCC_WARN_UNDECLARED_SELECTOR = YES;
				GCC_WARN_UNINITIALIZED_AUTOS = YES_AGGRESSIVE;
				GCC_WARN_UNUSED_FUNCTION = YES;
				GCC_WARN_UNUSED_VARIABLE = YES;
				IPHONEOS_DEPLOYMENT_TARGET = 9.2;
				MTL_ENABLE_DEBUG_INFO = YES;
				ONLY_ACTIVE_ARCH = YES;
				SDKROOT = iphoneos;
			};
			name = Debug;
		};
		91CCE5651C484DD3000C938E /* Release */ = {
			isa = XCBuildConfiguration;
			buildSettings = {
				ALWAYS_SEARCH_USER_PATHS = NO;
				CLANG_CXX_LANGUAGE_STANDARD = "gnu++0x";
				CLANG_CXX_LIBRARY = "libc++";
				CLANG_ENABLE_MODULES = YES;
				CLANG_ENABLE_OBJC_ARC = YES;
				CLANG_WARN_BOOL_CONVERSION = YES;
				CLANG_WARN_CONSTANT_CONVERSION = YES;
				CLANG_WARN_DIRECT_OBJC_ISA_USAGE = YES_ERROR;
				CLANG_WARN_EMPTY_BODY = YES;
				CLANG_WARN_ENUM_CONVERSION = YES;
				CLANG_WARN_INT_CONVERSION = YES;
				CLANG_WARN_OBJC_ROOT_CLASS = YES_ERROR;
				CLANG_WARN_UNREACHABLE_CODE = YES;
				CLANG_WARN__DUPLICATE_METHOD_MATCH = YES;
				"CODE_SIGN_IDENTITY[sdk=iphoneos*]" = "iPhone Developer";
				COPY_PHASE_STRIP = NO;
				DEBUG_INFORMATION_FORMAT = "dwarf-with-dsym";
				ENABLE_NS_ASSERTIONS = NO;
				ENABLE_STRICT_OBJC_MSGSEND = YES;
				GCC_C_LANGUAGE_STANDARD = gnu99;
				GCC_NO_COMMON_BLOCKS = YES;
				GCC_WARN_64_TO_32_BIT_CONVERSION = YES;
				GCC_WARN_ABOUT_RETURN_TYPE = YES_ERROR;
				GCC_WARN_UNDECLARED_SELECTOR = YES;
				GCC_WARN_UNINITIALIZED_AUTOS = YES_AGGRESSIVE;
				GCC_WARN_UNUSED_FUNCTION = YES;
				GCC_WARN_UNUSED_VARIABLE = YES;
				IPHONEOS_DEPLOYMENT_TARGET = 9.2;
				MTL_ENABLE_DEBUG_INFO = NO;
				SDKROOT = iphoneos;
				VALIDATE_PRODUCT = YES;
			};
			name = Release;
		};
		91CCE5671C484DD3000C938E /* Debug */ = {
			isa = XCBuildConfiguration;
			buildSettings = {
				ASSETCATALOG_COMPILER_APPICON_NAME = AppIcon;
				INFOPLIST_FILE = TicTacToe/Info.plist;
				LD_RUNPATH_SEARCH_PATHS = "$(inherited) @executable_path/Frameworks";
				PRODUCT_BUNDLE_IDENTIFIER = "com.mp-design.TicTacToe";
				PRODUCT_NAME = "$(TARGET_NAME)";
			};
			name = Debug;
		};
		91CCE5681C484DD3000C938E /* Release */ = {
			isa = XCBuildConfiguration;
			buildSettings = {
				ASSETCATALOG_COMPILER_APPICON_NAME = AppIcon;
				INFOPLIST_FILE = TicTacToe/Info.plist;
				LD_RUNPATH_SEARCH_PATHS = "$(inherited) @executable_path/Frameworks";
				PRODUCT_BUNDLE_IDENTIFIER = "com.mp-design.TicTacToe";
				PRODUCT_NAME = "$(TARGET_NAME)";
			};
			name = Release;
		};
/* End XCBuildConfiguration section */

/* Begin XCConfigurationList section */
		91CCE54A1C484DD3000C938E /* Build configuration list for PBXProject "TicTacToe" */ = {
			isa = XCConfigurationList;
			buildConfigurations = (
				91CCE5641C484DD3000C938E /* Debug */,
				91CCE5651C484DD3000C938E /* Release */,
			);
			defaultConfigurationIsVisible = 0;
			defaultConfigurationName = Release;
		};
		91CCE5661C484DD3000C938E /* Build configuration list for PBXNativeTarget "TicTacToe" */ = {
			isa = XCConfigurationList;
			buildConfigurations = (
				91CCE5671C484DD3000C938E /* Debug */,
				91CCE5681C484DD3000C938E /* Release */,
			);
			defaultConfigurationIsVisible = 0;
		};
/* End XCConfigurationList section */
	};
	rootObject = 91CCE5471C484DD3000C938E /* Project object */;
}
