// !$*UTF8*$!
{
	archiveVersion = 1;
	classes = {
	};
	objectVersion = 46;
	objects = {

/* Begin PBXBuildFile section */
		914862881C50098A00347A11 /* main.m in Sources */ = {isa = PBXBuildFile; fileRef = 914862871C50098A00347A11 /* main.m */; };
		9148628B1C50098A00347A11 /* AppDelegate.m in Sources */ = {isa = PBXBuildFile; fileRef = 9148628A1C50098A00347A11 /* AppDelegate.m */; };
		914862911C50098A00347A11 /* Main.storyboard in Resources */ = {isa = PBXBuildFile; fileRef = 9148628F1C50098A00347A11 /* Main.storyboard */; };
		914862931C50098A00347A11 /* Assets.xcassets in Resources */ = {isa = PBXBuildFile; fileRef = 914862921C50098A00347A11 /* Assets.xcassets */; };
		914862961C50098A00347A11 /* LaunchScreen.storyboard in Resources */ = {isa = PBXBuildFile; fileRef = 914862941C50098A00347A11 /* LaunchScreen.storyboard */; };
		9148629F1C5009B400347A11 /* RootViewController.m in Sources */ = {isa = PBXBuildFile; fileRef = 9148629E1C5009B400347A11 /* RootViewController.m */; };
		914862A41C50105F00347A11 /* FoodTableViewCell.m in Sources */ = {isa = PBXBuildFile; fileRef = 914862A31C50105F00347A11 /* FoodTableViewCell.m */; };
		914862A71C501D7900347A11 /* DrinkTableViewCell.m in Sources */ = {isa = PBXBuildFile; fileRef = 914862A61C501D7900347A11 /* DrinkTableViewCell.m */; };
/* End PBXBuildFile section */

/* Begin PBXFileReference section */
		914862831C50098A00347A11 /* Happy Lunch.app */ = {isa = PBXFileReference; explicitFileType = wrapper.application; includeInIndex = 0; path = "Happy Lunch.app"; sourceTree = BUILT_PRODUCTS_DIR; };
		914862871C50098A00347A11 /* main.m */ = {isa = PBXFileReference; lastKnownFileType = sourcecode.c.objc; path = main.m; sourceTree = "<group>"; };
		914862891C50098A00347A11 /* AppDelegate.h */ = {isa = PBXFileReference; lastKnownFileType = sourcecode.c.h; path = AppDelegate.h; sourceTree = "<group>"; };
		9148628A1C50098A00347A11 /* AppDelegate.m */ = {isa = PBXFileReference; lastKnownFileType = sourcecode.c.objc; path = AppDelegate.m; sourceTree = "<group>"; };
		914862901C50098A00347A11 /* Base */ = {isa = PBXFileReference; lastKnownFileType = file.storyboard; name = Base; path = Base.lproj/Main.storyboard; sourceTree = "<group>"; };
		914862921C50098A00347A11 /* Assets.xcassets */ = {isa = PBXFileReference; lastKnownFileType = folder.assetcatalog; path = Assets.xcassets; sourceTree = "<group>"; };
		914862951C50098A00347A11 /* Base */ = {isa = PBXFileReference; lastKnownFileType = file.storyboard; name = Base; path = Base.lproj/LaunchScreen.storyboard; sourceTree = "<group>"; };
		914862971C50098A00347A11 /* Info.plist */ = {isa = PBXFileReference; lastKnownFileType = text.plist.xml; path = Info.plist; sourceTree = "<group>"; };
		9148629D1C5009B400347A11 /* RootViewController.h */ = {isa = PBXFileReference; fileEncoding = 4; lastKnownFileType = sourcecode.c.h; name = RootViewController.h; path = ../RootViewController.h; sourceTree = "<group>"; };
		9148629E1C5009B400347A11 /* RootViewController.m */ = {isa = PBXFileReference; fileEncoding = 4; lastKnownFileType = sourcecode.c.objc; name = RootViewController.m; path = ../RootViewController.m; sourceTree = "<group>"; };
		914862A21C50105F00347A11 /* FoodTableViewCell.h */ = {isa = PBXFileReference; fileEncoding = 4; lastKnownFileType = sourcecode.c.h; path = FoodTableViewCell.h; sourceTree = "<group>"; };
		914862A31C50105F00347A11 /* FoodTableViewCell.m */ = {isa = PBXFileReference; fileEncoding = 4; lastKnownFileType = sourcecode.c.objc; path = FoodTableViewCell.m; sourceTree = "<group>"; };
		914862A51C501D7900347A11 /* DrinkTableViewCell.h */ = {isa = PBXFileReference; fileEncoding = 4; lastKnownFileType = sourcecode.c.h; path = DrinkTableViewCell.h; sourceTree = "<group>"; };
		914862A61C501D7900347A11 /* DrinkTableViewCell.m */ = {isa = PBXFileReference; fileEncoding = 4; lastKnownFileType = sourcecode.c.objc; path = DrinkTableViewCell.m; sourceTree = "<group>"; };
/* End PBXFileReference section */

/* Begin PBXFrameworksBuildPhase section */
		914862801C50098A00347A11 /* Frameworks */ = {
			isa = PBXFrameworksBuildPhase;
			buildActionMask = 2147483647;
			files = (
			);
			runOnlyForDeploymentPostprocessing = 0;
		};
/* End PBXFrameworksBuildPhase section */

/* Begin PBXGroup section */
		9148627A1C50098A00347A11 = {
			isa = PBXGroup;
			children = (
				914862851C50098A00347A11 /* Happy Lunch */,
				914862841C50098A00347A11 /* Products */,
			);
			sourceTree = "<group>";
		};
		914862841C50098A00347A11 /* Products */ = {
			isa = PBXGroup;
			children = (
				914862831C50098A00347A11 /* Happy Lunch.app */,
			);
			name = Products;
			sourceTree = "<group>";
		};
		914862851C50098A00347A11 /* Happy Lunch */ = {
			isa = PBXGroup;
			children = (
				9148628F1C50098A00347A11 /* Main.storyboard */,
				914862A51C501D7900347A11 /* DrinkTableViewCell.h */,
				914862A61C501D7900347A11 /* DrinkTableViewCell.m */,
				9148629D1C5009B400347A11 /* RootViewController.h */,
				9148629E1C5009B400347A11 /* RootViewController.m */,
				914862A21C50105F00347A11 /* FoodTableViewCell.h */,
				914862A31C50105F00347A11 /* FoodTableViewCell.m */,
				914862921C50098A00347A11 /* Assets.xcassets */,
				914862891C50098A00347A11 /* AppDelegate.h */,
				9148628A1C50098A00347A11 /* AppDelegate.m */,
				914862941C50098A00347A11 /* LaunchScreen.storyboard */,
				914862971C50098A00347A11 /* Info.plist */,
				914862861C50098A00347A11 /* Supporting Files */,
			);
			path = "Happy Lunch";
			sourceTree = "<group>";
		};
		914862861C50098A00347A11 /* Supporting Files */ = {
			isa = PBXGroup;
			children = (
				914862871C50098A00347A11 /* main.m */,
			);
			name = "Supporting Files";
			sourceTree = "<group>";
		};
/* End PBXGroup section */

/* Begin PBXNativeTarget section */
		914862821C50098A00347A11 /* Happy Lunch */ = {
			isa = PBXNativeTarget;
			buildConfigurationList = 9148629A1C50098A00347A11 /* Build configuration list for PBXNativeTarget "Happy Lunch" */;
			buildPhases = (
				9148627F1C50098A00347A11 /* Sources */,
				914862801C50098A00347A11 /* Frameworks */,
				914862811C50098A00347A11 /* Resources */,
			);
			buildRules = (
			);
			dependencies = (
			);
			name = "Happy Lunch";
			productName = "Happy Lunch";
			productReference = 914862831C50098A00347A11 /* Happy Lunch.app */;
			productType = "com.apple.product-type.application";
		};
/* End PBXNativeTarget section */

/* Begin PBXProject section */
		9148627B1C50098A00347A11 /* Project object */ = {
			isa = PBXProject;
			attributes = {
				LastUpgradeCheck = 0720;
				ORGANIZATIONNAME = "Bikis Design";
				TargetAttributes = {
					914862821C50098A00347A11 = {
						CreatedOnToolsVersion = 7.2;
					};
				};
			};
			buildConfigurationList = 9148627E1C50098A00347A11 /* Build configuration list for PBXProject "Happy Lunch" */;
			compatibilityVersion = "Xcode 3.2";
			developmentRegion = English;
			hasScannedForEncodings = 0;
			knownRegions = (
				en,
				Base,
			);
			mainGroup = 9148627A1C50098A00347A11;
			productRefGroup = 914862841C50098A00347A11 /* Products */;
			projectDirPath = "";
			projectRoot = "";
			targets = (
				914862821C50098A00347A11 /* Happy Lunch */,
			);
		};
/* End PBXProject section */

/* Begin PBXResourcesBuildPhase section */
		914862811C50098A00347A11 /* Resources */ = {
			isa = PBXResourcesBuildPhase;
			buildActionMask = 2147483647;
			files = (
				914862961C50098A00347A11 /* LaunchScreen.storyboard in Resources */,
				914862931C50098A00347A11 /* Assets.xcassets in Resources */,
				914862911C50098A00347A11 /* Main.storyboard in Resources */,
			);
			runOnlyForDeploymentPostprocessing = 0;
		};
/* End PBXResourcesBuildPhase section */

/* Begin PBXSourcesBuildPhase section */
		9148627F1C50098A00347A11 /* Sources */ = {
			isa = PBXSourcesBuildPhase;
			buildActionMask = 2147483647;
			files = (
				9148628B1C50098A00347A11 /* AppDelegate.m in Sources */,
				914862A71C501D7900347A11 /* DrinkTableViewCell.m in Sources */,
				914862A41C50105F00347A11 /* FoodTableViewCell.m in Sources */,
				914862881C50098A00347A11 /* main.m in Sources */,
				9148629F1C5009B400347A11 /* RootViewController.m in Sources */,
			);
			runOnlyForDeploymentPostprocessing = 0;
		};
/* End PBXSourcesBuildPhase section */

/* Begin PBXVariantGroup section */
		9148628F1C50098A00347A11 /* Main.storyboard */ = {
			isa = PBXVariantGroup;
			children = (
				914862901C50098A00347A11 /* Base */,
			);
			name = Main.storyboard;
			sourceTree = "<group>";
		};
		914862941C50098A00347A11 /* LaunchScreen.storyboard */ = {
			isa = PBXVariantGroup;
			children = (
				914862951C50098A00347A11 /* Base */,
			);
			name = LaunchScreen.storyboard;
			sourceTree = "<group>";
		};
/* End PBXVariantGroup section */

/* Begin XCBuildConfiguration section */
		914862981C50098A00347A11 /* Debug */ = {
			isa = XCBuildConfiguration;
			buildSettings = {
				ALWAYS_SEARCH_USER_PATHS = NO;
				CLANG_CXX_LANGUAGE_STANDARD = "gnu++0x";
				CLANG_CXX_LIBRARY = "libc++";
				CLANG_ENABLE_MODULES = YES;
				CLANG_ENABLE_OBJC_ARC = YES;
				CLANG_WARN_BOOL_CONVERSION = YES;
				CLANG_WARN_CONSTANT_CONVERSION = YES;
				CLANG_WARN_DIRECT_OBJC_ISA_USAGE = YES_ERROR;
				CLANG_WARN_EMPTY_BODY = YES;
				CLANG_WARN_ENUM_CONVERSION = YES;
				CLANG_WARN_INT_CONVERSION = YES;
				CLANG_WARN_OBJC_ROOT_CLASS = YES_ERROR;
				CLANG_WARN_UNREACHABLE_CODE = YES;
				CLANG_WARN__DUPLICATE_METHOD_MATCH = YES;
				"CODE_SIGN_IDENTITY[sdk=iphoneos*]" = "iPhone Developer";
				COPY_PHASE_STRIP = NO;
				DEBUG_INFORMATION_FORMAT = dwarf;
				ENABLE_STRICT_OBJC_MSGSEND = YES;
				ENABLE_TESTABILITY = YES;
				GCC_C_LANGUAGE_STANDARD = gnu99;
				GCC_DYNAMIC_NO_PIC = NO;
				GCC_NO_COMMON_BLOCKS = YES;
				GCC_OPTIMIZATION_LEVEL = 0;
				GCC_PREPROCESSOR_DEFINITIONS = (
					"DEBUG=1",
					"$(inherited)",
				);
				GCC_WARN_64_TO_32_BIT_CONVERSION = YES;
				GCC_WARN_ABOUT_RETURN_TYPE = YES_ERROR;
				GCC_WARN_UNDECLARED_SELECTOR = YES;
				GCC_WARN_UNINITIALIZED_AUTOS = YES_AGGRESSIVE;
				GCC_WARN_UNUSED_FUNCTION = YES;
				GCC_WARN_UNUSED_VARIABLE = YES;
				IPHONEOS_DEPLOYMENT_TARGET = 9.2;
				MTL_ENABLE_DEBUG_INFO = YES;
				ONLY_ACTIVE_ARCH = YES;
				SDKROOT = iphoneos;
			};
			name = Debug;
		};
		914862991C50098A00347A11 /* Release */ = {
			isa = XCBuildConfiguration;
			buildSettings = {
				ALWAYS_SEARCH_USER_PATHS = NO;
				CLANG_CXX_LANGUAGE_STANDARD = "gnu++0x";
				CLANG_CXX_LIBRARY = "libc++";
				CLANG_ENABLE_MODULES = YES;
				CLANG_ENABLE_OBJC_ARC = YES;
				CLANG_WARN_BOOL_CONVERSION = YES;
				CLANG_WARN_CONSTANT_CONVERSION = YES;
				CLANG_WARN_DIRECT_OBJC_ISA_USAGE = YES_ERROR;
				CLANG_WARN_EMPTY_BODY = YES;
				CLANG_WARN_ENUM_CONVERSION = YES;
				CLANG_WARN_INT_CONVERSION = YES;
				CLANG_WARN_OBJC_ROOT_CLASS = YES_ERROR;
				CLANG_WARN_UNREACHABLE_CODE = YES;
				CLANG_WARN__DUPLICATE_METHOD_MATCH = YES;
				"CODE_SIGN_IDENTITY[sdk=iphoneos*]" = "iPhone Developer";
				COPY_PHASE_STRIP = NO;
				DEBUG_INFORMATION_FORMAT = "dwarf-with-dsym";
				ENABLE_NS_ASSERTIONS = NO;
				ENABLE_STRICT_OBJC_MSGSEND = YES;
				GCC_C_LANGUAGE_STANDARD = gnu99;
				GCC_NO_COMMON_BLOCKS = YES;
				GCC_WARN_64_TO_32_BIT_CONVERSION = YES;
				GCC_WARN_ABOUT_RETURN_TYPE = YES_ERROR;
				GCC_WARN_UNDECLARED_SELECTOR = YES;
				GCC_WARN_UNINITIALIZED_AUTOS = YES_AGGRESSIVE;
				GCC_WARN_UNUSED_FUNCTION = YES;
				GCC_WARN_UNUSED_VARIABLE = YES;
				IPHONEOS_DEPLOYMENT_TARGET = 9.2;
				MTL_ENABLE_DEBUG_INFO = NO;
				SDKROOT = iphoneos;
				VALIDATE_PRODUCT = YES;
			};
			name = Release;
		};
		9148629B1C50098A00347A11 /* Debug */ = {
			isa = XCBuildConfiguration;
			buildSettings = {
				ASSETCATALOG_COMPILER_APPICON_NAME = AppIcon;
				INFOPLIST_FILE = "Happy Lunch/Info.plist";
				LD_RUNPATH_SEARCH_PATHS = "$(inherited) @executable_path/Frameworks";
				PRODUCT_BUNDLE_IDENTIFIER = "com.mp-design.Happy-Lunch";
				PRODUCT_NAME = "$(TARGET_NAME)";
			};
			name = Debug;
		};
		9148629C1C50098A00347A11 /* Release */ = {
			isa = XCBuildConfiguration;
			buildSettings = {
				ASSETCATALOG_COMPILER_APPICON_NAME = AppIcon;
				INFOPLIST_FILE = "Happy Lunch/Info.plist";
				LD_RUNPATH_SEARCH_PATHS = "$(inherited) @executable_path/Frameworks";
				PRODUCT_BUNDLE_IDENTIFIER = "com.mp-design.Happy-Lunch";
				PRODUCT_NAME = "$(TARGET_NAME)";
			};
			name = Release;
		};
/* End XCBuildConfiguration section */

/* Begin XCConfigurationList section */
		9148627E1C50098A00347A11 /* Build configuration list for PBXProject "Happy Lunch" */ = {
			isa = XCConfigurationList;
			buildConfigurations = (
				914862981C50098A00347A11 /* Debug */,
				914862991C50098A00347A11 /* Release */,
			);
			defaultConfigurationIsVisible = 0;
			defaultConfigurationName = Release;
		};
		9148629A1C50098A00347A11 /* Build configuration list for PBXNativeTarget "Happy Lunch" */ = {
			isa = XCConfigurationList;
			buildConfigurations = (
				9148629B1C50098A00347A11 /* Debug */,
				9148629C1C50098A00347A11 /* Release */,
			);
			defaultConfigurationIsVisible = 0;
		};
/* End XCConfigurationList section */
	};
	rootObject = 9148627B1C50098A00347A11 /* Project object */;
}
