// !$*UTF8*$!
{
	archiveVersion = 1;
	classes = {
	};
	objectVersion = 46;
	objects = {

/* Begin PBXBuildFile section */
		91ABF7F61C5839AC00ECE899 /* main.m in Sources */ = {isa = PBXBuildFile; fileRef = 91ABF7F51C5839AC00ECE899 /* main.m */; };
		91ABF7F91C5839AC00ECE899 /* AppDelegate.m in Sources */ = {isa = PBXBuildFile; fileRef = 91ABF7F81C5839AC00ECE899 /* AppDelegate.m */; };
		91ABF7FF1C5839AC00ECE899 /* Main.storyboard in Resources */ = {isa = PBXBuildFile; fileRef = 91ABF7FD1C5839AC00ECE899 /* Main.storyboard */; };
		91ABF8021C5839AC00ECE899 /* Travelers.xcdatamodeld in Sources */ = {isa = PBXBuildFile; fileRef = 91ABF8001C5839AC00ECE899 /* Travelers.xcdatamodeld */; };
		91ABF8041C5839AC00ECE899 /* Assets.xcassets in Resources */ = {isa = PBXBuildFile; fileRef = 91ABF8031C5839AC00ECE899 /* Assets.xcassets */; };
		91ABF8071C5839AC00ECE899 /* LaunchScreen.storyboard in Resources */ = {isa = PBXBuildFile; fileRef = 91ABF8051C5839AC00ECE899 /* LaunchScreen.storyboard */; };
		91ABF8101C5839E100ECE899 /* TravelersTableViewController.m in Sources */ = {isa = PBXBuildFile; fileRef = 91ABF80F1C5839E100ECE899 /* TravelersTableViewController.m */; };
		91ABF8151C583E8A00ECE899 /* Traveler+CoreDataProperties.m in Sources */ = {isa = PBXBuildFile; fileRef = 91ABF8121C583E8A00ECE899 /* Traveler+CoreDataProperties.m */; };
		91ABF8161C583E8A00ECE899 /* Traveler.m in Sources */ = {isa = PBXBuildFile; fileRef = 91ABF8141C583E8A00ECE899 /* Traveler.m */; };
/* End PBXBuildFile section */

/* Begin PBXFileReference section */
		91ABF7F11C5839AC00ECE899 /* Travelers.app */ = {isa = PBXFileReference; explicitFileType = wrapper.application; includeInIndex = 0; path = Travelers.app; sourceTree = BUILT_PRODUCTS_DIR; };
		91ABF7F51C5839AC00ECE899 /* main.m */ = {isa = PBXFileReference; lastKnownFileType = sourcecode.c.objc; path = main.m; sourceTree = "<group>"; };
		91ABF7F71C5839AC00ECE899 /* AppDelegate.h */ = {isa = PBXFileReference; lastKnownFileType = sourcecode.c.h; path = AppDelegate.h; sourceTree = "<group>"; };
		91ABF7F81C5839AC00ECE899 /* AppDelegate.m */ = {isa = PBXFileReference; lastKnownFileType = sourcecode.c.objc; path = AppDelegate.m; sourceTree = "<group>"; };
		91ABF7FE1C5839AC00ECE899 /* Base */ = {isa = PBXFileReference; lastKnownFileType = file.storyboard; name = Base; path = Base.lproj/Main.storyboard; sourceTree = "<group>"; };
		91ABF8011C5839AC00ECE899 /* Travelers.xcdatamodel */ = {isa = PBXFileReference; lastKnownFileType = wrapper.xcdatamodel; path = Travelers.xcdatamodel; sourceTree = "<group>"; };
		91ABF8031C5839AC00ECE899 /* Assets.xcassets */ = {isa = PBXFileReference; lastKnownFileType = folder.assetcatalog; path = Assets.xcassets; sourceTree = "<group>"; };
		91ABF8061C5839AC00ECE899 /* Base */ = {isa = PBXFileReference; lastKnownFileType = file.storyboard; name = Base; path = Base.lproj/LaunchScreen.storyboard; sourceTree = "<group>"; };
		91ABF8081C5839AC00ECE899 /* Info.plist */ = {isa = PBXFileReference; lastKnownFileType = text.plist.xml; path = Info.plist; sourceTree = "<group>"; };
		91ABF80E1C5839E100ECE899 /* TravelersTableViewController.h */ = {isa = PBXFileReference; fileEncoding = 4; lastKnownFileType = sourcecode.c.h; path = TravelersTableViewController.h; sourceTree = SOURCE_ROOT; };
		91ABF80F1C5839E100ECE899 /* TravelersTableViewController.m */ = {isa = PBXFileReference; fileEncoding = 4; lastKnownFileType = sourcecode.c.objc; path = TravelersTableViewController.m; sourceTree = SOURCE_ROOT; };
		91ABF8111C583E8A00ECE899 /* Traveler+CoreDataProperties.h */ = {isa = PBXFileReference; fileEncoding = 4; lastKnownFileType = sourcecode.c.h; name = "Traveler+CoreDataProperties.h"; path = "../Traveler+CoreDataProperties.h"; sourceTree = "<group>"; };
		91ABF8121C583E8A00ECE899 /* Traveler+CoreDataProperties.m */ = {isa = PBXFileReference; fileEncoding = 4; lastKnownFileType = sourcecode.c.objc; name = "Traveler+CoreDataProperties.m"; path = "../Traveler+CoreDataProperties.m"; sourceTree = "<group>"; };
		91ABF8131C583E8A00ECE899 /* Traveler.h */ = {isa = PBXFileReference; fileEncoding = 4; lastKnownFileType = sourcecode.c.h; name = Traveler.h; path = ../Traveler.h; sourceTree = "<group>"; };
		91ABF8141C583E8A00ECE899 /* Traveler.m */ = {isa = PBXFileReference; fileEncoding = 4; lastKnownFileType = sourcecode.c.objc; name = Traveler.m; path = ../Traveler.m; sourceTree = "<group>"; };
/* End PBXFileReference section */

/* Begin PBXFrameworksBuildPhase section */
		91ABF7EE1C5839AC00ECE899 /* Frameworks */ = {
			isa = PBXFrameworksBuildPhase;
			buildActionMask = 2147483647;
			files = (
			);
			runOnlyForDeploymentPostprocessing = 0;
		};
/* End PBXFrameworksBuildPhase section */

/* Begin PBXGroup section */
		91ABF7E81C5839AC00ECE899 = {
			isa = PBXGroup;
			children = (
				91ABF7F31C5839AC00ECE899 /* Travelers */,
				91ABF7F21C5839AC00ECE899 /* Products */,
			);
			sourceTree = "<group>";
		};
		91ABF7F21C5839AC00ECE899 /* Products */ = {
			isa = PBXGroup;
			children = (
				91ABF7F11C5839AC00ECE899 /* Travelers.app */,
			);
			name = Products;
			sourceTree = "<group>";
		};
		91ABF7F31C5839AC00ECE899 /* Travelers */ = {
			isa = PBXGroup;
			children = (
				91ABF8111C583E8A00ECE899 /* Traveler+CoreDataProperties.h */,
				91ABF8121C583E8A00ECE899 /* Traveler+CoreDataProperties.m */,
				91ABF8131C583E8A00ECE899 /* Traveler.h */,
				91ABF8141C583E8A00ECE899 /* Traveler.m */,
				91ABF80E1C5839E100ECE899 /* TravelersTableViewController.h */,
				91ABF80F1C5839E100ECE899 /* TravelersTableViewController.m */,
				91ABF7F71C5839AC00ECE899 /* AppDelegate.h */,
				91ABF7F81C5839AC00ECE899 /* AppDelegate.m */,
				91ABF7FD1C5839AC00ECE899 /* Main.storyboard */,
				91ABF8031C5839AC00ECE899 /* Assets.xcassets */,
				91ABF8051C5839AC00ECE899 /* LaunchScreen.storyboard */,
				91ABF8081C5839AC00ECE899 /* Info.plist */,
				91ABF8001C5839AC00ECE899 /* Travelers.xcdatamodeld */,
				91ABF7F41C5839AC00ECE899 /* Supporting Files */,
			);
			path = Travelers;
			sourceTree = "<group>";
		};
		91ABF7F41C5839AC00ECE899 /* Supporting Files */ = {
			isa = PBXGroup;
			children = (
				91ABF7F51C5839AC00ECE899 /* main.m */,
			);
			name = "Supporting Files";
			sourceTree = "<group>";
		};
/* End PBXGroup section */

/* Begin PBXNativeTarget section */
		91ABF7F01C5839AC00ECE899 /* Travelers */ = {
			isa = PBXNativeTarget;
			buildConfigurationList = 91ABF80B1C5839AC00ECE899 /* Build configuration list for PBXNativeTarget "Travelers" */;
			buildPhases = (
				91ABF7ED1C5839AC00ECE899 /* Sources */,
				91ABF7EE1C5839AC00ECE899 /* Frameworks */,
				91ABF7EF1C5839AC00ECE899 /* Resources */,
			);
			buildRules = (
			);
			dependencies = (
			);
			name = Travelers;
			productName = Travelers;
			productReference = 91ABF7F11C5839AC00ECE899 /* Travelers.app */;
			productType = "com.apple.product-type.application";
		};
/* End PBXNativeTarget section */

/* Begin PBXProject section */
		91ABF7E91C5839AC00ECE899 /* Project object */ = {
			isa = PBXProject;
			attributes = {
				LastUpgradeCheck = 0720;
				ORGANIZATIONNAME = "Bikis Design";
				TargetAttributes = {
					91ABF7F01C5839AC00ECE899 = {
						CreatedOnToolsVersion = 7.2;
					};
				};
			};
			buildConfigurationList = 91ABF7EC1C5839AC00ECE899 /* Build configuration list for PBXProject "Travelers" */;
			compatibilityVersion = "Xcode 3.2";
			developmentRegion = English;
			hasScannedForEncodings = 0;
			knownRegions = (
				en,
				Base,
			);
			mainGroup = 91ABF7E81C5839AC00ECE899;
			productRefGroup = 91ABF7F21C5839AC00ECE899 /* Products */;
			projectDirPath = "";
			projectRoot = "";
			targets = (
				91ABF7F01C5839AC00ECE899 /* Travelers */,
			);
		};
/* End PBXProject section */

/* Begin PBXResourcesBuildPhase section */
		91ABF7EF1C5839AC00ECE899 /* Resources */ = {
			isa = PBXResourcesBuildPhase;
			buildActionMask = 2147483647;
			files = (
				91ABF8071C5839AC00ECE899 /* LaunchScreen.storyboard in Resources */,
				91ABF8041C5839AC00ECE899 /* Assets.xcassets in Resources */,
				91ABF7FF1C5839AC00ECE899 /* Main.storyboard in Resources */,
			);
			runOnlyForDeploymentPostprocessing = 0;
		};
/* End PBXResourcesBuildPhase section */

/* Begin PBXSourcesBuildPhase section */
		91ABF7ED1C5839AC00ECE899 /* Sources */ = {
			isa = PBXSourcesBuildPhase;
			buildActionMask = 2147483647;
			files = (
				91ABF8101C5839E100ECE899 /* TravelersTableViewController.m in Sources */,
				91ABF7F91C5839AC00ECE899 /* AppDelegate.m in Sources */,
				91ABF8021C5839AC00ECE899 /* Travelers.xcdatamodeld in Sources */,
				91ABF8151C583E8A00ECE899 /* Traveler+CoreDataProperties.m in Sources */,
				91ABF8161C583E8A00ECE899 /* Traveler.m in Sources */,
				91ABF7F61C5839AC00ECE899 /* main.m in Sources */,
			);
			runOnlyForDeploymentPostprocessing = 0;
		};
/* End PBXSourcesBuildPhase section */

/* Begin PBXVariantGroup section */
		91ABF7FD1C5839AC00ECE899 /* Main.storyboard */ = {
			isa = PBXVariantGroup;
			children = (
				91ABF7FE1C5839AC00ECE899 /* Base */,
			);
			name = Main.storyboard;
			sourceTree = "<group>";
		};
		91ABF8051C5839AC00ECE899 /* LaunchScreen.storyboard */ = {
			isa = PBXVariantGroup;
			children = (
				91ABF8061C5839AC00ECE899 /* Base */,
			);
			name = LaunchScreen.storyboard;
			sourceTree = "<group>";
		};
/* End PBXVariantGroup section */

/* Begin XCBuildConfiguration section */
		91ABF8091C5839AC00ECE899 /* Debug */ = {
			isa = XCBuildConfiguration;
			buildSettings = {
				ALWAYS_SEARCH_USER_PATHS = NO;
				CLANG_CXX_LANGUAGE_STANDARD = "gnu++0x";
				CLANG_CXX_LIBRARY = "libc++";
				CLANG_ENABLE_MODULES = YES;
				CLANG_ENABLE_OBJC_ARC = YES;
				CLANG_WARN_BOOL_CONVERSION = YES;
				CLANG_WARN_CONSTANT_CONVERSION = YES;
				CLANG_WARN_DIRECT_OBJC_ISA_USAGE = YES_ERROR;
				CLANG_WARN_EMPTY_BODY = YES;
				CLANG_WARN_ENUM_CONVERSION = YES;
				CLANG_WARN_INT_CONVERSION = YES;
				CLANG_WARN_OBJC_ROOT_CLASS = YES_ERROR;
				CLANG_WARN_UNREACHABLE_CODE = YES;
				CLANG_WARN__DUPLICATE_METHOD_MATCH = YES;
				"CODE_SIGN_IDENTITY[sdk=iphoneos*]" = "iPhone Developer";
				COPY_PHASE_STRIP = NO;
				DEBUG_INFORMATION_FORMAT = dwarf;
				ENABLE_STRICT_OBJC_MSGSEND = YES;
				ENABLE_TESTABILITY = YES;
				GCC_C_LANGUAGE_STANDARD = gnu99;
				GCC_DYNAMIC_NO_PIC = NO;
				GCC_NO_COMMON_BLOCKS = YES;
				GCC_OPTIMIZATION_LEVEL = 0;
				GCC_PREPROCESSOR_DEFINITIONS = (
					"DEBUG=1",
					"$(inherited)",
				);
				GCC_WARN_64_TO_32_BIT_CONVERSION = YES;
				GCC_WARN_ABOUT_RETURN_TYPE = YES_ERROR;
				GCC_WARN_UNDECLARED_SELECTOR = YES;
				GCC_WARN_UNINITIALIZED_AUTOS = YES_AGGRESSIVE;
				GCC_WARN_UNUSED_FUNCTION = YES;
				GCC_WARN_UNUSED_VARIABLE = YES;
				IPHONEOS_DEPLOYMENT_TARGET = 9.2;
				MTL_ENABLE_DEBUG_INFO = YES;
				ONLY_ACTIVE_ARCH = YES;
				SDKROOT = iphoneos;
			};
			name = Debug;
		};
		91ABF80A1C5839AC00ECE899 /* Release */ = {
			isa = XCBuildConfiguration;
			buildSettings = {
				ALWAYS_SEARCH_USER_PATHS = NO;
				CLANG_CXX_LANGUAGE_STANDARD = "gnu++0x";
				CLANG_CXX_LIBRARY = "libc++";
				CLANG_ENABLE_MODULES = YES;
				CLANG_ENABLE_OBJC_ARC = YES;
				CLANG_WARN_BOOL_CONVERSION = YES;
				CLANG_WARN_CONSTANT_CONVERSION = YES;
				CLANG_WARN_DIRECT_OBJC_ISA_USAGE = YES_ERROR;
				CLANG_WARN_EMPTY_BODY = YES;
				CLANG_WARN_ENUM_CONVERSION = YES;
				CLANG_WARN_INT_CONVERSION = YES;
				CLANG_WARN_OBJC_ROOT_CLASS = YES_ERROR;
				CLANG_WARN_UNREACHABLE_CODE = YES;
				CLANG_WARN__DUPLICATE_METHOD_MATCH = YES;
				"CODE_SIGN_IDENTITY[sdk=iphoneos*]" = "iPhone Developer";
				COPY_PHASE_STRIP = NO;
				DEBUG_INFORMATION_FORMAT = "dwarf-with-dsym";
				ENABLE_NS_ASSERTIONS = NO;
				ENABLE_STRICT_OBJC_MSGSEND = YES;
				GCC_C_LANGUAGE_STANDARD = gnu99;
				GCC_NO_COMMON_BLOCKS = YES;
				GCC_WARN_64_TO_32_BIT_CONVERSION = YES;
				GCC_WARN_ABOUT_RETURN_TYPE = YES_ERROR;
				GCC_WARN_UNDECLARED_SELECTOR = YES;
				GCC_WARN_UNINITIALIZED_AUTOS = YES_AGGRESSIVE;
				GCC_WARN_UNUSED_FUNCTION = YES;
				GCC_WARN_UNUSED_VARIABLE = YES;
				IPHONEOS_DEPLOYMENT_TARGET = 9.2;
				MTL_ENABLE_DEBUG_INFO = NO;
				SDKROOT = iphoneos;
				VALIDATE_PRODUCT = YES;
			};
			name = Release;
		};
		91ABF80C1C5839AC00ECE899 /* Debug */ = {
			isa = XCBuildConfiguration;
			buildSettings = {
				ASSETCATALOG_COMPILER_APPICON_NAME = AppIcon;
				INFOPLIST_FILE = Travelers/Info.plist;
				LD_RUNPATH_SEARCH_PATHS = "$(inherited) @executable_path/Frameworks";
				PRODUCT_BUNDLE_IDENTIFIER = "com.mp-design.Travelers";
				PRODUCT_NAME = "$(TARGET_NAME)";
			};
			name = Debug;
		};
		91ABF80D1C5839AC00ECE899 /* Release */ = {
			isa = XCBuildConfiguration;
			buildSettings = {
				ASSETCATALOG_COMPILER_APPICON_NAME = AppIcon;
				INFOPLIST_FILE = Travelers/Info.plist;
				LD_RUNPATH_SEARCH_PATHS = "$(inherited) @executable_path/Frameworks";
				PRODUCT_BUNDLE_IDENTIFIER = "com.mp-design.Travelers";
				PRODUCT_NAME = "$(TARGET_NAME)";
			};
			name = Release;
		};
/* End XCBuildConfiguration section */

/* Begin XCConfigurationList section */
		91ABF7EC1C5839AC00ECE899 /* Build configuration list for PBXProject "Travelers" */ = {
			isa = XCConfigurationList;
			buildConfigurations = (
				91ABF8091C5839AC00ECE899 /* Debug */,
				91ABF80A1C5839AC00ECE899 /* Release */,
			);
			defaultConfigurationIsVisible = 0;
			defaultConfigurationName = Release;
		};
		91ABF80B1C5839AC00ECE899 /* Build configuration list for PBXNativeTarget "Travelers" */ = {
			isa = XCConfigurationList;
			buildConfigurations = (
				91ABF80C1C5839AC00ECE899 /* Debug */,
				91ABF80D1C5839AC00ECE899 /* Release */,
			);
			defaultConfigurationIsVisible = 0;
		};
/* End XCConfigurationList section */

/* Begin XCVersionGroup section */
		91ABF8001C5839AC00ECE899 /* Travelers.xcdatamodeld */ = {
			isa = XCVersionGroup;
			children = (
				91ABF8011C5839AC00ECE899 /* Travelers.xcdatamodel */,
			);
			currentVersion = 91ABF8011C5839AC00ECE899 /* Travelers.xcdatamodel */;
			path = Travelers.xcdatamodeld;
			sourceTree = "<group>";
			versionGroupType = wrapper.xcdatamodel;
		};
/* End XCVersionGroup section */
	};
	rootObject = 91ABF7E91C5839AC00ECE899 /* Project object */;
}
