// !$*UTF8*$!
{
	archiveVersion = 1;
	classes = {
	};
	objectVersion = 46;
	objects = {

/* Begin PBXBuildFile section */
		9109C4E21C503BAF0098332A /* main.m in Sources */ = {isa = PBXBuildFile; fileRef = 9109C4E11C503BAF0098332A /* main.m */; };
		9109C4E51C503BAF0098332A /* AppDelegate.m in Sources */ = {isa = PBXBuildFile; fileRef = 9109C4E41C503BAF0098332A /* AppDelegate.m */; };
		9109C4EB1C503BAF0098332A /* Main.storyboard in Resources */ = {isa = PBXBuildFile; fileRef = 9109C4E91C503BAF0098332A /* Main.storyboard */; };
		9109C4ED1C503BAF0098332A /* Assets.xcassets in Resources */ = {isa = PBXBuildFile; fileRef = 9109C4EC1C503BAF0098332A /* Assets.xcassets */; };
		9109C4F01C503BAF0098332A /* LaunchScreen.storyboard in Resources */ = {isa = PBXBuildFile; fileRef = 9109C4EE1C503BAF0098332A /* LaunchScreen.storyboard */; };
		9109C5021C5046B80098332A /* PictureCollectionViewCell.m in Sources */ = {isa = PBXBuildFile; fileRef = 9109C5011C5046B80098332A /* PictureCollectionViewCell.m */; };
		9109C5051C5057000098332A /* RootViewController.m in Sources */ = {isa = PBXBuildFile; fileRef = 9109C5041C5056FF0098332A /* RootViewController.m */; };
		9109C5071C505EC30098332A /* View.xib in Resources */ = {isa = PBXBuildFile; fileRef = 9109C5061C505EC30098332A /* View.xib */; };
		9109C50A1C505EE20098332A /* CustomView.m in Sources */ = {isa = PBXBuildFile; fileRef = 9109C5091C505EE20098332A /* CustomView.m */; };
/* End PBXBuildFile section */

/* Begin PBXFileReference section */
		9109C4DD1C503BAF0098332A /* Hall Of Fame.app */ = {isa = PBXFileReference; explicitFileType = wrapper.application; includeInIndex = 0; path = "Hall Of Fame.app"; sourceTree = BUILT_PRODUCTS_DIR; };
		9109C4E11C503BAF0098332A /* main.m */ = {isa = PBXFileReference; lastKnownFileType = sourcecode.c.objc; path = main.m; sourceTree = "<group>"; };
		9109C4E31C503BAF0098332A /* AppDelegate.h */ = {isa = PBXFileReference; lastKnownFileType = sourcecode.c.h; path = AppDelegate.h; sourceTree = "<group>"; };
		9109C4E41C503BAF0098332A /* AppDelegate.m */ = {isa = PBXFileReference; lastKnownFileType = sourcecode.c.objc; path = AppDelegate.m; sourceTree = "<group>"; };
		9109C4EA1C503BAF0098332A /* Base */ = {isa = PBXFileReference; lastKnownFileType = file.storyboard; name = Base; path = Base.lproj/Main.storyboard; sourceTree = "<group>"; };
		9109C4EC1C503BAF0098332A /* Assets.xcassets */ = {isa = PBXFileReference; lastKnownFileType = folder.assetcatalog; path = Assets.xcassets; sourceTree = "<group>"; };
		9109C4EF1C503BAF0098332A /* Base */ = {isa = PBXFileReference; lastKnownFileType = file.storyboard; name = Base; path = Base.lproj/LaunchScreen.storyboard; sourceTree = "<group>"; };
		9109C4F11C503BAF0098332A /* Info.plist */ = {isa = PBXFileReference; lastKnownFileType = text.plist.xml; path = Info.plist; sourceTree = "<group>"; };
		9109C5001C5046B80098332A /* PictureCollectionViewCell.h */ = {isa = PBXFileReference; fileEncoding = 4; lastKnownFileType = sourcecode.c.h; name = PictureCollectionViewCell.h; path = ../PictureCollectionViewCell.h; sourceTree = "<group>"; };
		9109C5011C5046B80098332A /* PictureCollectionViewCell.m */ = {isa = PBXFileReference; fileEncoding = 4; lastKnownFileType = sourcecode.c.objc; name = PictureCollectionViewCell.m; path = ../PictureCollectionViewCell.m; sourceTree = "<group>"; };
		9109C5031C5056FF0098332A /* RootViewController.h */ = {isa = PBXFileReference; fileEncoding = 4; lastKnownFileType = sourcecode.c.h; path = RootViewController.h; sourceTree = "<group>"; };
		9109C5041C5056FF0098332A /* RootViewController.m */ = {isa = PBXFileReference; fileEncoding = 4; lastKnownFileType = sourcecode.c.objc; path = RootViewController.m; sourceTree = "<group>"; };
		9109C5061C505EC30098332A /* View.xib */ = {isa = PBXFileReference; fileEncoding = 4; lastKnownFileType = file.xib; path = View.xib; sourceTree = "<group>"; };
		9109C5081C505EE20098332A /* CustomView.h */ = {isa = PBXFileReference; fileEncoding = 4; lastKnownFileType = sourcecode.c.h; path = CustomView.h; sourceTree = "<group>"; };
		9109C5091C505EE20098332A /* CustomView.m */ = {isa = PBXFileReference; fileEncoding = 4; lastKnownFileType = sourcecode.c.objc; path = CustomView.m; sourceTree = "<group>"; };
/* End PBXFileReference section */

/* Begin PBXFrameworksBuildPhase section */
		9109C4DA1C503BAF0098332A /* Frameworks */ = {
			isa = PBXFrameworksBuildPhase;
			buildActionMask = 2147483647;
			files = (
			);
			runOnlyForDeploymentPostprocessing = 0;
		};
/* End PBXFrameworksBuildPhase section */

/* Begin PBXGroup section */
		9109C4D41C503BAF0098332A = {
			isa = PBXGroup;
			children = (
				9109C4DF1C503BAF0098332A /* Hall Of Fame */,
				9109C4DE1C503BAF0098332A /* Products */,
			);
			sourceTree = "<group>";
		};
		9109C4DE1C503BAF0098332A /* Products */ = {
			isa = PBXGroup;
			children = (
				9109C4DD1C503BAF0098332A /* Hall Of Fame.app */,
			);
			name = Products;
			sourceTree = "<group>";
		};
		9109C4DF1C503BAF0098332A /* Hall Of Fame */ = {
			isa = PBXGroup;
			children = (
				9109C4E91C503BAF0098332A /* Main.storyboard */,
				9109C5031C5056FF0098332A /* RootViewController.h */,
				9109C5041C5056FF0098332A /* RootViewController.m */,
				9109C5061C505EC30098332A /* View.xib */,
				9109C5081C505EE20098332A /* CustomView.h */,
				9109C5091C505EE20098332A /* CustomView.m */,
				9109C5001C5046B80098332A /* PictureCollectionViewCell.h */,
				9109C5011C5046B80098332A /* PictureCollectionViewCell.m */,
				9109C4EC1C503BAF0098332A /* Assets.xcassets */,
				9109C4E31C503BAF0098332A /* AppDelegate.h */,
				9109C4E41C503BAF0098332A /* AppDelegate.m */,
				9109C4EE1C503BAF0098332A /* LaunchScreen.storyboard */,
				9109C4F11C503BAF0098332A /* Info.plist */,
				9109C4E01C503BAF0098332A /* Supporting Files */,
			);
			path = "Hall Of Fame";
			sourceTree = "<group>";
		};
		9109C4E01C503BAF0098332A /* Supporting Files */ = {
			isa = PBXGroup;
			children = (
				9109C4E11C503BAF0098332A /* main.m */,
			);
			name = "Supporting Files";
			sourceTree = "<group>";
		};
/* End PBXGroup section */

/* Begin PBXNativeTarget section */
		9109C4DC1C503BAF0098332A /* Hall Of Fame */ = {
			isa = PBXNativeTarget;
			buildConfigurationList = 9109C4F41C503BAF0098332A /* Build configuration list for PBXNativeTarget "Hall Of Fame" */;
			buildPhases = (
				9109C4D91C503BAF0098332A /* Sources */,
				9109C4DA1C503BAF0098332A /* Frameworks */,
				9109C4DB1C503BAF0098332A /* Resources */,
			);
			buildRules = (
			);
			dependencies = (
			);
			name = "Hall Of Fame";
			productName = "Hall Of Fame";
			productReference = 9109C4DD1C503BAF0098332A /* Hall Of Fame.app */;
			productType = "com.apple.product-type.application";
		};
/* End PBXNativeTarget section */

/* Begin PBXProject section */
		9109C4D51C503BAF0098332A /* Project object */ = {
			isa = PBXProject;
			attributes = {
				LastUpgradeCheck = 0720;
				ORGANIZATIONNAME = "Bikis Design";
				TargetAttributes = {
					9109C4DC1C503BAF0098332A = {
						CreatedOnToolsVersion = 7.2;
					};
				};
			};
			buildConfigurationList = 9109C4D81C503BAF0098332A /* Build configuration list for PBXProject "Hall Of Fame" */;
			compatibilityVersion = "Xcode 3.2";
			developmentRegion = English;
			hasScannedForEncodings = 0;
			knownRegions = (
				en,
				Base,
			);
			mainGroup = 9109C4D41C503BAF0098332A;
			productRefGroup = 9109C4DE1C503BAF0098332A /* Products */;
			projectDirPath = "";
			projectRoot = "";
			targets = (
				9109C4DC1C503BAF0098332A /* Hall Of Fame */,
			);
		};
/* End PBXProject section */

/* Begin PBXResourcesBuildPhase section */
		9109C4DB1C503BAF0098332A /* Resources */ = {
			isa = PBXResourcesBuildPhase;
			buildActionMask = 2147483647;
			files = (
				9109C5071C505EC30098332A /* View.xib in Resources */,
				9109C4F01C503BAF0098332A /* LaunchScreen.storyboard in Resources */,
				9109C4ED1C503BAF0098332A /* Assets.xcassets in Resources */,
				9109C4EB1C503BAF0098332A /* Main.storyboard in Resources */,
			);
			runOnlyForDeploymentPostprocessing = 0;
		};
/* End PBXResourcesBuildPhase section */

/* Begin PBXSourcesBuildPhase section */
		9109C4D91C503BAF0098332A /* Sources */ = {
			isa = PBXSourcesBuildPhase;
			buildActionMask = 2147483647;
			files = (
				9109C50A1C505EE20098332A /* CustomView.m in Sources */,
				9109C4E51C503BAF0098332A /* AppDelegate.m in Sources */,
				9109C5021C5046B80098332A /* PictureCollectionViewCell.m in Sources */,
				9109C4E21C503BAF0098332A /* main.m in Sources */,
				9109C5051C5057000098332A /* RootViewController.m in Sources */,
			);
			runOnlyForDeploymentPostprocessing = 0;
		};
/* End PBXSourcesBuildPhase section */

/* Begin PBXVariantGroup section */
		9109C4E91C503BAF0098332A /* Main.storyboard */ = {
			isa = PBXVariantGroup;
			children = (
				9109C4EA1C503BAF0098332A /* Base */,
			);
			name = Main.storyboard;
			sourceTree = "<group>";
		};
		9109C4EE1C503BAF0098332A /* LaunchScreen.storyboard */ = {
			isa = PBXVariantGroup;
			children = (
				9109C4EF1C503BAF0098332A /* Base */,
			);
			name = LaunchScreen.storyboard;
			sourceTree = "<group>";
		};
/* End PBXVariantGroup section */

/* Begin XCBuildConfiguration section */
		9109C4F21C503BAF0098332A /* Debug */ = {
			isa = XCBuildConfiguration;
			buildSettings = {
				ALWAYS_SEARCH_USER_PATHS = NO;
				CLANG_CXX_LANGUAGE_STANDARD = "gnu++0x";
				CLANG_CXX_LIBRARY = "libc++";
				CLANG_ENABLE_MODULES = YES;
				CLANG_ENABLE_OBJC_ARC = YES;
				CLANG_WARN_BOOL_CONVERSION = YES;
				CLANG_WARN_CONSTANT_CONVERSION = YES;
				CLANG_WARN_DIRECT_OBJC_ISA_USAGE = YES_ERROR;
				CLANG_WARN_EMPTY_BODY = YES;
				CLANG_WARN_ENUM_CONVERSION = YES;
				CLANG_WARN_INT_CONVERSION = YES;
				CLANG_WARN_OBJC_ROOT_CLASS = YES_ERROR;
				CLANG_WARN_UNREACHABLE_CODE = YES;
				CLANG_WARN__DUPLICATE_METHOD_MATCH = YES;
				"CODE_SIGN_IDENTITY[sdk=iphoneos*]" = "iPhone Developer";
				COPY_PHASE_STRIP = NO;
				DEBUG_INFORMATION_FORMAT = dwarf;
				ENABLE_STRICT_OBJC_MSGSEND = YES;
				ENABLE_TESTABILITY = YES;
				GCC_C_LANGUAGE_STANDARD = gnu99;
				GCC_DYNAMIC_NO_PIC = NO;
				GCC_NO_COMMON_BLOCKS = YES;
				GCC_OPTIMIZATION_LEVEL = 0;
				GCC_PREPROCESSOR_DEFINITIONS = (
					"DEBUG=1",
					"$(inherited)",
				);
				GCC_WARN_64_TO_32_BIT_CONVERSION = YES;
				GCC_WARN_ABOUT_RETURN_TYPE = YES_ERROR;
				GCC_WARN_UNDECLARED_SELECTOR = YES;
				GCC_WARN_UNINITIALIZED_AUTOS = YES_AGGRESSIVE;
				GCC_WARN_UNUSED_FUNCTION = YES;
				GCC_WARN_UNUSED_VARIABLE = YES;
				IPHONEOS_DEPLOYMENT_TARGET = 9.2;
				MTL_ENABLE_DEBUG_INFO = YES;
				ONLY_ACTIVE_ARCH = YES;
				SDKROOT = iphoneos;
			};
			name = Debug;
		};
		9109C4F31C503BAF0098332A /* Release */ = {
			isa = XCBuildConfiguration;
			buildSettings = {
				ALWAYS_SEARCH_USER_PATHS = NO;
				CLANG_CXX_LANGUAGE_STANDARD = "gnu++0x";
				CLANG_CXX_LIBRARY = "libc++";
				CLANG_ENABLE_MODULES = YES;
				CLANG_ENABLE_OBJC_ARC = YES;
				CLANG_WARN_BOOL_CONVERSION = YES;
				CLANG_WARN_CONSTANT_CONVERSION = YES;
				CLANG_WARN_DIRECT_OBJC_ISA_USAGE = YES_ERROR;
				CLANG_WARN_EMPTY_BODY = YES;
				CLANG_WARN_ENUM_CONVERSION = YES;
				CLANG_WARN_INT_CONVERSION = YES;
				CLANG_WARN_OBJC_ROOT_CLASS = YES_ERROR;
				CLANG_WARN_UNREACHABLE_CODE = YES;
				CLANG_WARN__DUPLICATE_METHOD_MATCH = YES;
				"CODE_SIGN_IDENTITY[sdk=iphoneos*]" = "iPhone Developer";
				COPY_PHASE_STRIP = NO;
				DEBUG_INFORMATION_FORMAT = "dwarf-with-dsym";
				ENABLE_NS_ASSERTIONS = NO;
				ENABLE_STRICT_OBJC_MSGSEND = YES;
				GCC_C_LANGUAGE_STANDARD = gnu99;
				GCC_NO_COMMON_BLOCKS = YES;
				GCC_WARN_64_TO_32_BIT_CONVERSION = YES;
				GCC_WARN_ABOUT_RETURN_TYPE = YES_ERROR;
				GCC_WARN_UNDECLARED_SELECTOR = YES;
				GCC_WARN_UNINITIALIZED_AUTOS = YES_AGGRESSIVE;
				GCC_WARN_UNUSED_FUNCTION = YES;
				GCC_WARN_UNUSED_VARIABLE = YES;
				IPHONEOS_DEPLOYMENT_TARGET = 9.2;
				MTL_ENABLE_DEBUG_INFO = NO;
				SDKROOT = iphoneos;
				VALIDATE_PRODUCT = YES;
			};
			name = Release;
		};
		9109C4F51C503BAF0098332A /* Debug */ = {
			isa = XCBuildConfiguration;
			buildSettings = {
				ASSETCATALOG_COMPILER_APPICON_NAME = AppIcon;
				INFOPLIST_FILE = "Hall Of Fame/Info.plist";
				LD_RUNPATH_SEARCH_PATHS = "$(inherited) @executable_path/Frameworks";
				PRODUCT_BUNDLE_IDENTIFIER = "com.mp-design.Hall-Of-Fame";
				PRODUCT_NAME = "$(TARGET_NAME)";
			};
			name = Debug;
		};
		9109C4F61C503BAF0098332A /* Release */ = {
			isa = XCBuildConfiguration;
			buildSettings = {
				ASSETCATALOG_COMPILER_APPICON_NAME = AppIcon;
				INFOPLIST_FILE = "Hall Of Fame/Info.plist";
				LD_RUNPATH_SEARCH_PATHS = "$(inherited) @executable_path/Frameworks";
				PRODUCT_BUNDLE_IDENTIFIER = "com.mp-design.Hall-Of-Fame";
				PRODUCT_NAME = "$(TARGET_NAME)";
			};
			name = Release;
		};
/* End XCBuildConfiguration section */

/* Begin XCConfigurationList section */
		9109C4D81C503BAF0098332A /* Build configuration list for PBXProject "Hall Of Fame" */ = {
			isa = XCConfigurationList;
			buildConfigurations = (
				9109C4F21C503BAF0098332A /* Debug */,
				9109C4F31C503BAF0098332A /* Release */,
			);
			defaultConfigurationIsVisible = 0;
			defaultConfigurationName = Release;
		};
		9109C4F41C503BAF0098332A /* Build configuration list for PBXNativeTarget "Hall Of Fame" */ = {
			isa = XCConfigurationList;
			buildConfigurations = (
				9109C4F51C503BAF0098332A /* Debug */,
				9109C4F61C503BAF0098332A /* Release */,
			);
			defaultConfigurationIsVisible = 0;
		};
/* End XCConfigurationList section */
	};
	rootObject = 9109C4D51C503BAF0098332A /* Project object */;
}
