// !$*UTF8*$!
{
	archiveVersion = 1;
	classes = {
	};
	objectVersion = 46;
	objects = {

/* Begin PBXBuildFile section */
		91ABF8251C584FB800ECE899 /* main.m in Sources */ = {isa = PBXBuildFile; fileRef = 91ABF8241C584FB800ECE899 /* main.m */; };
		91ABF8281C584FB800ECE899 /* AppDelegate.m in Sources */ = {isa = PBXBuildFile; fileRef = 91ABF8271C584FB800ECE899 /* AppDelegate.m */; };
		91ABF82E1C584FB800ECE899 /* Main.storyboard in Resources */ = {isa = PBXBuildFile; fileRef = 91ABF82C1C584FB800ECE899 /* Main.storyboard */; };
		91ABF8311C584FB800ECE899 /* gameOfThrones.xcdatamodeld in Sources */ = {isa = PBXBuildFile; fileRef = 91ABF82F1C584FB800ECE899 /* gameOfThrones.xcdatamodeld */; };
		91ABF8331C584FB800ECE899 /* Assets.xcassets in Resources */ = {isa = PBXBuildFile; fileRef = 91ABF8321C584FB800ECE899 /* Assets.xcassets */; };
		91ABF8361C584FB800ECE899 /* LaunchScreen.storyboard in Resources */ = {isa = PBXBuildFile; fileRef = 91ABF8341C584FB800ECE899 /* LaunchScreen.storyboard */; };
		91ABF83F1C584FD500ECE899 /* GameOfThronesTableViewController.m in Sources */ = {isa = PBXBuildFile; fileRef = 91ABF83E1C584FD500ECE899 /* GameOfThronesTableViewController.m */; };
		91ABF8411C58505700ECE899 /* gameofthrones.plist in Resources */ = {isa = PBXBuildFile; fileRef = 91ABF8401C58505700ECE899 /* gameofthrones.plist */; };
		91ABF8471C5855A500ECE899 /* addGOTActorViewController.m in Sources */ = {isa = PBXBuildFile; fileRef = 91ABF8461C5855A500ECE899 /* addGOTActorViewController.m */; };
		91ABF84D1C5877AA00ECE899 /* GOTActor.m in Sources */ = {isa = PBXBuildFile; fileRef = 91ABF84C1C5877AA00ECE899 /* GOTActor.m */; };
		91ABF8521C58780D00ECE899 /* GOTPerson+CoreDataProperties.m in Sources */ = {isa = PBXBuildFile; fileRef = 91ABF84F1C58780D00ECE899 /* GOTPerson+CoreDataProperties.m */; };
		91ABF8531C58780D00ECE899 /* GOTPerson.m in Sources */ = {isa = PBXBuildFile; fileRef = 91ABF8511C58780D00ECE899 /* GOTPerson.m */; };
/* End PBXBuildFile section */

/* Begin PBXFileReference section */
		91ABF8201C584FB800ECE899 /* gameOfThrones.app */ = {isa = PBXFileReference; explicitFileType = wrapper.application; includeInIndex = 0; path = gameOfThrones.app; sourceTree = BUILT_PRODUCTS_DIR; };
		91ABF8241C584FB800ECE899 /* main.m */ = {isa = PBXFileReference; lastKnownFileType = sourcecode.c.objc; path = main.m; sourceTree = "<group>"; };
		91ABF8261C584FB800ECE899 /* AppDelegate.h */ = {isa = PBXFileReference; lastKnownFileType = sourcecode.c.h; path = AppDelegate.h; sourceTree = "<group>"; };
		91ABF8271C584FB800ECE899 /* AppDelegate.m */ = {isa = PBXFileReference; lastKnownFileType = sourcecode.c.objc; path = AppDelegate.m; sourceTree = "<group>"; };
		91ABF82D1C584FB800ECE899 /* Base */ = {isa = PBXFileReference; lastKnownFileType = file.storyboard; name = Base; path = Base.lproj/Main.storyboard; sourceTree = "<group>"; };
		91ABF8301C584FB800ECE899 /* gameOfThrones.xcdatamodel */ = {isa = PBXFileReference; lastKnownFileType = wrapper.xcdatamodel; path = gameOfThrones.xcdatamodel; sourceTree = "<group>"; };
		91ABF8321C584FB800ECE899 /* Assets.xcassets */ = {isa = PBXFileReference; lastKnownFileType = folder.assetcatalog; path = Assets.xcassets; sourceTree = "<group>"; };
		91ABF8351C584FB800ECE899 /* Base */ = {isa = PBXFileReference; lastKnownFileType = file.storyboard; name = Base; path = Base.lproj/LaunchScreen.storyboard; sourceTree = "<group>"; };
		91ABF8371C584FB800ECE899 /* Info.plist */ = {isa = PBXFileReference; lastKnownFileType = text.plist.xml; path = Info.plist; sourceTree = "<group>"; };
		91ABF83D1C584FD500ECE899 /* GameOfThronesTableViewController.h */ = {isa = PBXFileReference; fileEncoding = 4; lastKnownFileType = sourcecode.c.h; path = GameOfThronesTableViewController.h; sourceTree = "<group>"; };
		91ABF83E1C584FD500ECE899 /* GameOfThronesTableViewController.m */ = {isa = PBXFileReference; fileEncoding = 4; lastKnownFileType = sourcecode.c.objc; path = GameOfThronesTableViewController.m; sourceTree = "<group>"; };
		91ABF8401C58505700ECE899 /* gameofthrones.plist */ = {isa = PBXFileReference; fileEncoding = 4; lastKnownFileType = text.plist.xml; path = gameofthrones.plist; sourceTree = "<group>"; };
		91ABF8451C5855A500ECE899 /* addGOTActorViewController.h */ = {isa = PBXFileReference; fileEncoding = 4; lastKnownFileType = sourcecode.c.h; path = addGOTActorViewController.h; sourceTree = "<group>"; };
		91ABF8461C5855A500ECE899 /* addGOTActorViewController.m */ = {isa = PBXFileReference; fileEncoding = 4; lastKnownFileType = sourcecode.c.objc; path = addGOTActorViewController.m; sourceTree = "<group>"; };
		91ABF84B1C5877AA00ECE899 /* GOTActor.h */ = {isa = PBXFileReference; fileEncoding = 4; lastKnownFileType = sourcecode.c.h; path = GOTActor.h; sourceTree = "<group>"; };
		91ABF84C1C5877AA00ECE899 /* GOTActor.m */ = {isa = PBXFileReference; fileEncoding = 4; lastKnownFileType = sourcecode.c.objc; path = GOTActor.m; sourceTree = "<group>"; };
		91ABF84E1C58780D00ECE899 /* GOTPerson+CoreDataProperties.h */ = {isa = PBXFileReference; fileEncoding = 4; lastKnownFileType = sourcecode.c.h; name = "GOTPerson+CoreDataProperties.h"; path = "../GOTPerson+CoreDataProperties.h"; sourceTree = "<group>"; };
		91ABF84F1C58780D00ECE899 /* GOTPerson+CoreDataProperties.m */ = {isa = PBXFileReference; fileEncoding = 4; lastKnownFileType = sourcecode.c.objc; name = "GOTPerson+CoreDataProperties.m"; path = "../GOTPerson+CoreDataProperties.m"; sourceTree = "<group>"; };
		91ABF8501C58780D00ECE899 /* GOTPerson.h */ = {isa = PBXFileReference; fileEncoding = 4; lastKnownFileType = sourcecode.c.h; name = GOTPerson.h; path = ../GOTPerson.h; sourceTree = "<group>"; };
		91ABF8511C58780D00ECE899 /* GOTPerson.m */ = {isa = PBXFileReference; fileEncoding = 4; lastKnownFileType = sourcecode.c.objc; name = GOTPerson.m; path = ../GOTPerson.m; sourceTree = "<group>"; };
/* End PBXFileReference section */

/* Begin PBXFrameworksBuildPhase section */
		91ABF81D1C584FB800ECE899 /* Frameworks */ = {
			isa = PBXFrameworksBuildPhase;
			buildActionMask = 2147483647;
			files = (
			);
			runOnlyForDeploymentPostprocessing = 0;
		};
/* End PBXFrameworksBuildPhase section */

/* Begin PBXGroup section */
		91ABF8171C584FB800ECE899 = {
			isa = PBXGroup;
			children = (
				91ABF8221C584FB800ECE899 /* gameOfThrones */,
				91ABF8211C584FB800ECE899 /* Products */,
			);
			sourceTree = "<group>";
		};
		91ABF8211C584FB800ECE899 /* Products */ = {
			isa = PBXGroup;
			children = (
				91ABF8201C584FB800ECE899 /* gameOfThrones.app */,
			);
			name = Products;
			sourceTree = "<group>";
		};
		91ABF8221C584FB800ECE899 /* gameOfThrones */ = {
			isa = PBXGroup;
			children = (
				91ABF84E1C58780D00ECE899 /* GOTPerson+CoreDataProperties.h */,
				91ABF84F1C58780D00ECE899 /* GOTPerson+CoreDataProperties.m */,
				91ABF8501C58780D00ECE899 /* GOTPerson.h */,
				91ABF8511C58780D00ECE899 /* GOTPerson.m */,
				91ABF84B1C5877AA00ECE899 /* GOTActor.h */,
				91ABF84C1C5877AA00ECE899 /* GOTActor.m */,
				91ABF8261C584FB800ECE899 /* AppDelegate.h */,
				91ABF8271C584FB800ECE899 /* AppDelegate.m */,
				91ABF82C1C584FB800ECE899 /* Main.storyboard */,
				91ABF83D1C584FD500ECE899 /* GameOfThronesTableViewController.h */,
				91ABF83E1C584FD500ECE899 /* GameOfThronesTableViewController.m */,
				91ABF8451C5855A500ECE899 /* addGOTActorViewController.h */,
				91ABF8461C5855A500ECE899 /* addGOTActorViewController.m */,
				91ABF8321C584FB800ECE899 /* Assets.xcassets */,
				91ABF8341C584FB800ECE899 /* LaunchScreen.storyboard */,
				91ABF8371C584FB800ECE899 /* Info.plist */,
				91ABF8401C58505700ECE899 /* gameofthrones.plist */,
				91ABF82F1C584FB800ECE899 /* gameOfThrones.xcdatamodeld */,
				91ABF8231C584FB800ECE899 /* Supporting Files */,
			);
			path = gameOfThrones;
			sourceTree = "<group>";
		};
		91ABF8231C584FB800ECE899 /* Supporting Files */ = {
			isa = PBXGroup;
			children = (
				91ABF8241C584FB800ECE899 /* main.m */,
			);
			name = "Supporting Files";
			sourceTree = "<group>";
		};
/* End PBXGroup section */

/* Begin PBXNativeTarget section */
		91ABF81F1C584FB800ECE899 /* gameOfThrones */ = {
			isa = PBXNativeTarget;
			buildConfigurationList = 91ABF83A1C584FB800ECE899 /* Build configuration list for PBXNativeTarget "gameOfThrones" */;
			buildPhases = (
				91ABF81C1C584FB800ECE899 /* Sources */,
				91ABF81D1C584FB800ECE899 /* Frameworks */,
				91ABF81E1C584FB800ECE899 /* Resources */,
			);
			buildRules = (
			);
			dependencies = (
			);
			name = gameOfThrones;
			productName = gameOfThrones;
			productReference = 91ABF8201C584FB800ECE899 /* gameOfThrones.app */;
			productType = "com.apple.product-type.application";
		};
/* End PBXNativeTarget section */

/* Begin PBXProject section */
		91ABF8181C584FB800ECE899 /* Project object */ = {
			isa = PBXProject;
			attributes = {
				LastUpgradeCheck = 0720;
				ORGANIZATIONNAME = "Bikis Design";
				TargetAttributes = {
					91ABF81F1C584FB800ECE899 = {
						CreatedOnToolsVersion = 7.2;
					};
				};
			};
			buildConfigurationList = 91ABF81B1C584FB800ECE899 /* Build configuration list for PBXProject "gameOfThrones" */;
			compatibilityVersion = "Xcode 3.2";
			developmentRegion = English;
			hasScannedForEncodings = 0;
			knownRegions = (
				en,
				Base,
			);
			mainGroup = 91ABF8171C584FB800ECE899;
			productRefGroup = 91ABF8211C584FB800ECE899 /* Products */;
			projectDirPath = "";
			projectRoot = "";
			targets = (
				91ABF81F1C584FB800ECE899 /* gameOfThrones */,
			);
		};
/* End PBXProject section */

/* Begin PBXResourcesBuildPhase section */
		91ABF81E1C584FB800ECE899 /* Resources */ = {
			isa = PBXResourcesBuildPhase;
			buildActionMask = 2147483647;
			files = (
				91ABF8361C584FB800ECE899 /* LaunchScreen.storyboard in Resources */,
				91ABF8331C584FB800ECE899 /* Assets.xcassets in Resources */,
				91ABF82E1C584FB800ECE899 /* Main.storyboard in Resources */,
				91ABF8411C58505700ECE899 /* gameofthrones.plist in Resources */,
			);
			runOnlyForDeploymentPostprocessing = 0;
		};
/* End PBXResourcesBuildPhase section */

/* Begin PBXSourcesBuildPhase section */
		91ABF81C1C584FB800ECE899 /* Sources */ = {
			isa = PBXSourcesBuildPhase;
			buildActionMask = 2147483647;
			files = (
				91ABF8311C584FB800ECE899 /* gameOfThrones.xcdatamodeld in Sources */,
				91ABF8471C5855A500ECE899 /* addGOTActorViewController.m in Sources */,
				91ABF8281C584FB800ECE899 /* AppDelegate.m in Sources */,
				91ABF8521C58780D00ECE899 /* GOTPerson+CoreDataProperties.m in Sources */,
				91ABF83F1C584FD500ECE899 /* GameOfThronesTableViewController.m in Sources */,
				91ABF84D1C5877AA00ECE899 /* GOTActor.m in Sources */,
				91ABF8251C584FB800ECE899 /* main.m in Sources */,
				91ABF8531C58780D00ECE899 /* GOTPerson.m in Sources */,
			);
			runOnlyForDeploymentPostprocessing = 0;
		};
/* End PBXSourcesBuildPhase section */

/* Begin PBXVariantGroup section */
		91ABF82C1C584FB800ECE899 /* Main.storyboard */ = {
			isa = PBXVariantGroup;
			children = (
				91ABF82D1C584FB800ECE899 /* Base */,
			);
			name = Main.storyboard;
			sourceTree = "<group>";
		};
		91ABF8341C584FB800ECE899 /* LaunchScreen.storyboard */ = {
			isa = PBXVariantGroup;
			children = (
				91ABF8351C584FB800ECE899 /* Base */,
			);
			name = LaunchScreen.storyboard;
			sourceTree = "<group>";
		};
/* End PBXVariantGroup section */

/* Begin XCBuildConfiguration section */
		91ABF8381C584FB800ECE899 /* Debug */ = {
			isa = XCBuildConfiguration;
			buildSettings = {
				ALWAYS_SEARCH_USER_PATHS = NO;
				CLANG_CXX_LANGUAGE_STANDARD = "gnu++0x";
				CLANG_CXX_LIBRARY = "libc++";
				CLANG_ENABLE_MODULES = YES;
				CLANG_ENABLE_OBJC_ARC = YES;
				CLANG_WARN_BOOL_CONVERSION = YES;
				CLANG_WARN_CONSTANT_CONVERSION = YES;
				CLANG_WARN_DIRECT_OBJC_ISA_USAGE = YES_ERROR;
				CLANG_WARN_EMPTY_BODY = YES;
				CLANG_WARN_ENUM_CONVERSION = YES;
				CLANG_WARN_INT_CONVERSION = YES;
				CLANG_WARN_OBJC_ROOT_CLASS = YES_ERROR;
				CLANG_WARN_UNREACHABLE_CODE = YES;
				CLANG_WARN__DUPLICATE_METHOD_MATCH = YES;
				"CODE_SIGN_IDENTITY[sdk=iphoneos*]" = "iPhone Developer";
				COPY_PHASE_STRIP = NO;
				DEBUG_INFORMATION_FORMAT = dwarf;
				ENABLE_STRICT_OBJC_MSGSEND = YES;
				ENABLE_TESTABILITY = YES;
				GCC_C_LANGUAGE_STANDARD = gnu99;
				GCC_DYNAMIC_NO_PIC = NO;
				GCC_NO_COMMON_BLOCKS = YES;
				GCC_OPTIMIZATION_LEVEL = 0;
				GCC_PREPROCESSOR_DEFINITIONS = (
					"DEBUG=1",
					"$(inherited)",
				);
				GCC_WARN_64_TO_32_BIT_CONVERSION = YES;
				GCC_WARN_ABOUT_RETURN_TYPE = YES_ERROR;
				GCC_WARN_UNDECLARED_SELECTOR = YES;
				GCC_WARN_UNINITIALIZED_AUTOS = YES_AGGRESSIVE;
				GCC_WARN_UNUSED_FUNCTION = YES;
				GCC_WARN_UNUSED_VARIABLE = YES;
				IPHONEOS_DEPLOYMENT_TARGET = 9.2;
				MTL_ENABLE_DEBUG_INFO = YES;
				ONLY_ACTIVE_ARCH = YES;
				SDKROOT = iphoneos;
			};
			name = Debug;
		};
		91ABF8391C584FB800ECE899 /* Release */ = {
			isa = XCBuildConfiguration;
			buildSettings = {
				ALWAYS_SEARCH_USER_PATHS = NO;
				CLANG_CXX_LANGUAGE_STANDARD = "gnu++0x";
				CLANG_CXX_LIBRARY = "libc++";
				CLANG_ENABLE_MODULES = YES;
				CLANG_ENABLE_OBJC_ARC = YES;
				CLANG_WARN_BOOL_CONVERSION = YES;
				CLANG_WARN_CONSTANT_CONVERSION = YES;
				CLANG_WARN_DIRECT_OBJC_ISA_USAGE = YES_ERROR;
				CLANG_WARN_EMPTY_BODY = YES;
				CLANG_WARN_ENUM_CONVERSION = YES;
				CLANG_WARN_INT_CONVERSION = YES;
				CLANG_WARN_OBJC_ROOT_CLASS = YES_ERROR;
				CLANG_WARN_UNREACHABLE_CODE = YES;
				CLANG_WARN__DUPLICATE_METHOD_MATCH = YES;
				"CODE_SIGN_IDENTITY[sdk=iphoneos*]" = "iPhone Developer";
				COPY_PHASE_STRIP = NO;
				DEBUG_INFORMATION_FORMAT = "dwarf-with-dsym";
				ENABLE_NS_ASSERTIONS = NO;
				ENABLE_STRICT_OBJC_MSGSEND = YES;
				GCC_C_LANGUAGE_STANDARD = gnu99;
				GCC_NO_COMMON_BLOCKS = YES;
				GCC_WARN_64_TO_32_BIT_CONVERSION = YES;
				GCC_WARN_ABOUT_RETURN_TYPE = YES_ERROR;
				GCC_WARN_UNDECLARED_SELECTOR = YES;
				GCC_WARN_UNINITIALIZED_AUTOS = YES_AGGRESSIVE;
				GCC_WARN_UNUSED_FUNCTION = YES;
				GCC_WARN_UNUSED_VARIABLE = YES;
				IPHONEOS_DEPLOYMENT_TARGET = 9.2;
				MTL_ENABLE_DEBUG_INFO = NO;
				SDKROOT = iphoneos;
				VALIDATE_PRODUCT = YES;
			};
			name = Release;
		};
		91ABF83B1C584FB800ECE899 /* Debug */ = {
			isa = XCBuildConfiguration;
			buildSettings = {
				ASSETCATALOG_COMPILER_APPICON_NAME = AppIcon;
				INFOPLIST_FILE = gameOfThrones/Info.plist;
				LD_RUNPATH_SEARCH_PATHS = "$(inherited) @executable_path/Frameworks";
				PRODUCT_BUNDLE_IDENTIFIER = "com.mp-design.gameOfThrones";
				PRODUCT_NAME = "$(TARGET_NAME)";
			};
			name = Debug;
		};
		91ABF83C1C584FB800ECE899 /* Release */ = {
			isa = XCBuildConfiguration;
			buildSettings = {
				ASSETCATALOG_COMPILER_APPICON_NAME = AppIcon;
				INFOPLIST_FILE = gameOfThrones/Info.plist;
				LD_RUNPATH_SEARCH_PATHS = "$(inherited) @executable_path/Frameworks";
				PRODUCT_BUNDLE_IDENTIFIER = "com.mp-design.gameOfThrones";
				PRODUCT_NAME = "$(TARGET_NAME)";
			};
			name = Release;
		};
/* End XCBuildConfiguration section */

/* Begin XCConfigurationList section */
		91ABF81B1C584FB800ECE899 /* Build configuration list for PBXProject "gameOfThrones" */ = {
			isa = XCConfigurationList;
			buildConfigurations = (
				91ABF8381C584FB800ECE899 /* Debug */,
				91ABF8391C584FB800ECE899 /* Release */,
			);
			defaultConfigurationIsVisible = 0;
			defaultConfigurationName = Release;
		};
		91ABF83A1C584FB800ECE899 /* Build configuration list for PBXNativeTarget "gameOfThrones" */ = {
			isa = XCConfigurationList;
			buildConfigurations = (
				91ABF83B1C584FB800ECE899 /* Debug */,
				91ABF83C1C584FB800ECE899 /* Release */,
			);
			defaultConfigurationIsVisible = 0;
		};
/* End XCConfigurationList section */

/* Begin XCVersionGroup section */
		91ABF82F1C584FB800ECE899 /* gameOfThrones.xcdatamodeld */ = {
			isa = XCVersionGroup;
			children = (
				91ABF8301C584FB800ECE899 /* gameOfThrones.xcdatamodel */,
			);
			currentVersion = 91ABF8301C584FB800ECE899 /* gameOfThrones.xcdatamodel */;
			path = gameOfThrones.xcdatamodeld;
			sourceTree = "<group>";
			versionGroupType = wrapper.xcdatamodel;
		};
/* End XCVersionGroup section */
	};
	rootObject = 91ABF8181C584FB800ECE899 /* Project object */;
}
