// !$*UTF8*$!
{
	archiveVersion = 1;
	classes = {
	};
	objectVersion = 46;
	objects = {

/* Begin PBXBuildFile section */
		9178834D1C49625100468532 /* main.m in Sources */ = {isa = PBXBuildFile; fileRef = 9178834C1C49625100468532 /* main.m */; };
		917883501C49625100468532 /* AppDelegate.m in Sources */ = {isa = PBXBuildFile; fileRef = 9178834F1C49625100468532 /* AppDelegate.m */; };
		917883561C49625100468532 /* Main.storyboard in Resources */ = {isa = PBXBuildFile; fileRef = 917883541C49625100468532 /* Main.storyboard */; };
		917883581C49625100468532 /* Assets.xcassets in Resources */ = {isa = PBXBuildFile; fileRef = 917883571C49625100468532 /* Assets.xcassets */; };
		9178835B1C49625100468532 /* LaunchScreen.storyboard in Resources */ = {isa = PBXBuildFile; fileRef = 917883591C49625100468532 /* LaunchScreen.storyboard */; };
		917883641C49627D00468532 /* MultiplicationCalculatorViewController.m in Sources */ = {isa = PBXBuildFile; fileRef = 917883631C49627D00468532 /* MultiplicationCalculatorViewController.m */; };
		917883671C496D6100468532 /* WebViewController.m in Sources */ = {isa = PBXBuildFile; fileRef = 917883661C496D6100468532 /* WebViewController.m */; };
/* End PBXBuildFile section */

/* Begin PBXFileReference section */
		917883481C49625100468532 /* weekOneAssesment.app */ = {isa = PBXFileReference; explicitFileType = wrapper.application; includeInIndex = 0; path = weekOneAssesment.app; sourceTree = BUILT_PRODUCTS_DIR; };
		9178834C1C49625100468532 /* main.m */ = {isa = PBXFileReference; lastKnownFileType = sourcecode.c.objc; path = main.m; sourceTree = "<group>"; };
		9178834E1C49625100468532 /* AppDelegate.h */ = {isa = PBXFileReference; lastKnownFileType = sourcecode.c.h; path = AppDelegate.h; sourceTree = "<group>"; };
		9178834F1C49625100468532 /* AppDelegate.m */ = {isa = PBXFileReference; lastKnownFileType = sourcecode.c.objc; path = AppDelegate.m; sourceTree = "<group>"; };
		917883551C49625100468532 /* Base */ = {isa = PBXFileReference; lastKnownFileType = file.storyboard; name = Base; path = Base.lproj/Main.storyboard; sourceTree = "<group>"; };
		917883571C49625100468532 /* Assets.xcassets */ = {isa = PBXFileReference; lastKnownFileType = folder.assetcatalog; path = Assets.xcassets; sourceTree = "<group>"; };
		9178835A1C49625100468532 /* Base */ = {isa = PBXFileReference; lastKnownFileType = file.storyboard; name = Base; path = Base.lproj/LaunchScreen.storyboard; sourceTree = "<group>"; };
		9178835C1C49625100468532 /* Info.plist */ = {isa = PBXFileReference; lastKnownFileType = text.plist.xml; path = Info.plist; sourceTree = "<group>"; };
		917883621C49627D00468532 /* MultiplicationCalculatorViewController.h */ = {isa = PBXFileReference; fileEncoding = 4; lastKnownFileType = sourcecode.c.h; path = MultiplicationCalculatorViewController.h; sourceTree = "<group>"; };
		917883631C49627D00468532 /* MultiplicationCalculatorViewController.m */ = {isa = PBXFileReference; fileEncoding = 4; lastKnownFileType = sourcecode.c.objc; path = MultiplicationCalculatorViewController.m; sourceTree = "<group>"; };
		917883651C496D6100468532 /* WebViewController.h */ = {isa = PBXFileReference; fileEncoding = 4; lastKnownFileType = sourcecode.c.h; name = WebViewController.h; path = ../WebViewController.h; sourceTree = "<group>"; };
		917883661C496D6100468532 /* WebViewController.m */ = {isa = PBXFileReference; fileEncoding = 4; lastKnownFileType = sourcecode.c.objc; name = WebViewController.m; path = ../WebViewController.m; sourceTree = "<group>"; };
/* End PBXFileReference section */

/* Begin PBXFrameworksBuildPhase section */
		917883451C49625100468532 /* Frameworks */ = {
			isa = PBXFrameworksBuildPhase;
			buildActionMask = 2147483647;
			files = (
			);
			runOnlyForDeploymentPostprocessing = 0;
		};
/* End PBXFrameworksBuildPhase section */

/* Begin PBXGroup section */
		9178833F1C49625100468532 = {
			isa = PBXGroup;
			children = (
				9178834A1C49625100468532 /* weekOneAssesment */,
				917883491C49625100468532 /* Products */,
			);
			sourceTree = "<group>";
		};
		917883491C49625100468532 /* Products */ = {
			isa = PBXGroup;
			children = (
				917883481C49625100468532 /* weekOneAssesment.app */,
			);
			name = Products;
			sourceTree = "<group>";
		};
		9178834A1C49625100468532 /* weekOneAssesment */ = {
			isa = PBXGroup;
			children = (
				917883621C49627D00468532 /* MultiplicationCalculatorViewController.h */,
				917883631C49627D00468532 /* MultiplicationCalculatorViewController.m */,
				917883651C496D6100468532 /* WebViewController.h */,
				917883661C496D6100468532 /* WebViewController.m */,
				917883541C49625100468532 /* Main.storyboard */,
				917883571C49625100468532 /* Assets.xcassets */,
				9178834E1C49625100468532 /* AppDelegate.h */,
				9178834F1C49625100468532 /* AppDelegate.m */,
				917883591C49625100468532 /* LaunchScreen.storyboard */,
				9178835C1C49625100468532 /* Info.plist */,
				9178834B1C49625100468532 /* Supporting Files */,
			);
			path = weekOneAssesment;
			sourceTree = "<group>";
		};
		9178834B1C49625100468532 /* Supporting Files */ = {
			isa = PBXGroup;
			children = (
				9178834C1C49625100468532 /* main.m */,
			);
			name = "Supporting Files";
			sourceTree = "<group>";
		};
/* End PBXGroup section */

/* Begin PBXNativeTarget section */
		917883471C49625100468532 /* weekOneAssesment */ = {
			isa = PBXNativeTarget;
			buildConfigurationList = 9178835F1C49625100468532 /* Build configuration list for PBXNativeTarget "weekOneAssesment" */;
			buildPhases = (
				917883441C49625100468532 /* Sources */,
				917883451C49625100468532 /* Frameworks */,
				917883461C49625100468532 /* Resources */,
			);
			buildRules = (
			);
			dependencies = (
			);
			name = weekOneAssesment;
			productName = weekOneAssesment;
			productReference = 917883481C49625100468532 /* weekOneAssesment.app */;
			productType = "com.apple.product-type.application";
		};
/* End PBXNativeTarget section */

/* Begin PBXProject section */
		917883401C49625100468532 /* Project object */ = {
			isa = PBXProject;
			attributes = {
				LastUpgradeCheck = 0720;
				ORGANIZATIONNAME = "Bikis Design";
				TargetAttributes = {
					917883471C49625100468532 = {
						CreatedOnToolsVersion = 7.2;
					};
				};
			};
			buildConfigurationList = 917883431C49625100468532 /* Build configuration list for PBXProject "weekOneAssesment" */;
			compatibilityVersion = "Xcode 3.2";
			developmentRegion = English;
			hasScannedForEncodings = 0;
			knownRegions = (
				en,
				Base,
			);
			mainGroup = 9178833F1C49625100468532;
			productRefGroup = 917883491C49625100468532 /* Products */;
			projectDirPath = "";
			projectRoot = "";
			targets = (
				917883471C49625100468532 /* weekOneAssesment */,
			);
		};
/* End PBXProject section */

/* Begin PBXResourcesBuildPhase section */
		917883461C49625100468532 /* Resources */ = {
			isa = PBXResourcesBuildPhase;
			buildActionMask = 2147483647;
			files = (
				9178835B1C49625100468532 /* LaunchScreen.storyboard in Resources */,
				917883581C49625100468532 /* Assets.xcassets in Resources */,
				917883561C49625100468532 /* Main.storyboard in Resources */,
			);
			runOnlyForDeploymentPostprocessing = 0;
		};
/* End PBXResourcesBuildPhase section */

/* Begin PBXSourcesBuildPhase section */
		917883441C49625100468532 /* Sources */ = {
			isa = PBXSourcesBuildPhase;
			buildActionMask = 2147483647;
			files = (
				917883501C49625100468532 /* AppDelegate.m in Sources */,
				9178834D1C49625100468532 /* main.m in Sources */,
				917883641C49627D00468532 /* MultiplicationCalculatorViewController.m in Sources */,
				917883671C496D6100468532 /* WebViewController.m in Sources */,
			);
			runOnlyForDeploymentPostprocessing = 0;
		};
/* End PBXSourcesBuildPhase section */

/* Begin PBXVariantGroup section */
		917883541C49625100468532 /* Main.storyboard */ = {
			isa = PBXVariantGroup;
			children = (
				917883551C49625100468532 /* Base */,
			);
			name = Main.storyboard;
			sourceTree = "<group>";
		};
		917883591C49625100468532 /* LaunchScreen.storyboard */ = {
			isa = PBXVariantGroup;
			children = (
				9178835A1C49625100468532 /* Base */,
			);
			name = LaunchScreen.storyboard;
			sourceTree = "<group>";
		};
/* End PBXVariantGroup section */

/* Begin XCBuildConfiguration section */
		9178835D1C49625100468532 /* Debug */ = {
			isa = XCBuildConfiguration;
			buildSettings = {
				ALWAYS_SEARCH_USER_PATHS = NO;
				CLANG_CXX_LANGUAGE_STANDARD = "gnu++0x";
				CLANG_CXX_LIBRARY = "libc++";
				CLANG_ENABLE_MODULES = YES;
				CLANG_ENABLE_OBJC_ARC = YES;
				CLANG_WARN_BOOL_CONVERSION = YES;
				CLANG_WARN_CONSTANT_CONVERSION = YES;
				CLANG_WARN_DIRECT_OBJC_ISA_USAGE = YES_ERROR;
				CLANG_WARN_EMPTY_BODY = YES;
				CLANG_WARN_ENUM_CONVERSION = YES;
				CLANG_WARN_INT_CONVERSION = YES;
				CLANG_WARN_OBJC_ROOT_CLASS = YES_ERROR;
				CLANG_WARN_UNREACHABLE_CODE = YES;
				CLANG_WARN__DUPLICATE_METHOD_MATCH = YES;
				"CODE_SIGN_IDENTITY[sdk=iphoneos*]" = "iPhone Developer";
				COPY_PHASE_STRIP = NO;
				DEBUG_INFORMATION_FORMAT = dwarf;
				ENABLE_STRICT_OBJC_MSGSEND = YES;
				ENABLE_TESTABILITY = YES;
				GCC_C_LANGUAGE_STANDARD = gnu99;
				GCC_DYNAMIC_NO_PIC = NO;
				GCC_NO_COMMON_BLOCKS = YES;
				GCC_OPTIMIZATION_LEVEL = 0;
				GCC_PREPROCESSOR_DEFINITIONS = (
					"DEBUG=1",
					"$(inherited)",
				);
				GCC_WARN_64_TO_32_BIT_CONVERSION = YES;
				GCC_WARN_ABOUT_RETURN_TYPE = YES_ERROR;
				GCC_WARN_UNDECLARED_SELECTOR = YES;
				GCC_WARN_UNINITIALIZED_AUTOS = YES_AGGRESSIVE;
				GCC_WARN_UNUSED_FUNCTION = YES;
				GCC_WARN_UNUSED_VARIABLE = YES;
				IPHONEOS_DEPLOYMENT_TARGET = 9.2;
				MTL_ENABLE_DEBUG_INFO = YES;
				ONLY_ACTIVE_ARCH = YES;
				SDKROOT = iphoneos;
			};
			name = Debug;
		};
		9178835E1C49625100468532 /* Release */ = {
			isa = XCBuildConfiguration;
			buildSettings = {
				ALWAYS_SEARCH_USER_PATHS = NO;
				CLANG_CXX_LANGUAGE_STANDARD = "gnu++0x";
				CLANG_CXX_LIBRARY = "libc++";
				CLANG_ENABLE_MODULES = YES;
				CLANG_ENABLE_OBJC_ARC = YES;
				CLANG_WARN_BOOL_CONVERSION = YES;
				CLANG_WARN_CONSTANT_CONVERSION = YES;
				CLANG_WARN_DIRECT_OBJC_ISA_USAGE = YES_ERROR;
				CLANG_WARN_EMPTY_BODY = YES;
				CLANG_WARN_ENUM_CONVERSION = YES;
				CLANG_WARN_INT_CONVERSION = YES;
				CLANG_WARN_OBJC_ROOT_CLASS = YES_ERROR;
				CLANG_WARN_UNREACHABLE_CODE = YES;
				CLANG_WARN__DUPLICATE_METHOD_MATCH = YES;
				"CODE_SIGN_IDENTITY[sdk=iphoneos*]" = "iPhone Developer";
				COPY_PHASE_STRIP = NO;
				DEBUG_INFORMATION_FORMAT = "dwarf-with-dsym";
				ENABLE_NS_ASSERTIONS = NO;
				ENABLE_STRICT_OBJC_MSGSEND = YES;
				GCC_C_LANGUAGE_STANDARD = gnu99;
				GCC_NO_COMMON_BLOCKS = YES;
				GCC_WARN_64_TO_32_BIT_CONVERSION = YES;
				GCC_WARN_ABOUT_RETURN_TYPE = YES_ERROR;
				GCC_WARN_UNDECLARED_SELECTOR = YES;
				GCC_WARN_UNINITIALIZED_AUTOS = YES_AGGRESSIVE;
				GCC_WARN_UNUSED_FUNCTION = YES;
				GCC_WARN_UNUSED_VARIABLE = YES;
				IPHONEOS_DEPLOYMENT_TARGET = 9.2;
				MTL_ENABLE_DEBUG_INFO = NO;
				SDKROOT = iphoneos;
				VALIDATE_PRODUCT = YES;
			};
			name = Release;
		};
		917883601C49625100468532 /* Debug */ = {
			isa = XCBuildConfiguration;
			buildSettings = {
				ASSETCATALOG_COMPILER_APPICON_NAME = AppIcon;
				INFOPLIST_FILE = weekOneAssesment/Info.plist;
				LD_RUNPATH_SEARCH_PATHS = "$(inherited) @executable_path/Frameworks";
				PRODUCT_BUNDLE_IDENTIFIER = "com.mp-design.weekOneAssesment";
				PRODUCT_NAME = "$(TARGET_NAME)";
			};
			name = Debug;
		};
		917883611C49625100468532 /* Release */ = {
			isa = XCBuildConfiguration;
			buildSettings = {
				ASSETCATALOG_COMPILER_APPICON_NAME = AppIcon;
				INFOPLIST_FILE = weekOneAssesment/Info.plist;
				LD_RUNPATH_SEARCH_PATHS = "$(inherited) @executable_path/Frameworks";
				PRODUCT_BUNDLE_IDENTIFIER = "com.mp-design.weekOneAssesment";
				PRODUCT_NAME = "$(TARGET_NAME)";
			};
			name = Release;
		};
/* End XCBuildConfiguration section */

/* Begin XCConfigurationList section */
		917883431C49625100468532 /* Build configuration list for PBXProject "weekOneAssesment" */ = {
			isa = XCConfigurationList;
			buildConfigurations = (
				9178835D1C49625100468532 /* Debug */,
				9178835E1C49625100468532 /* Release */,
			);
			defaultConfigurationIsVisible = 0;
			defaultConfigurationName = Release;
		};
		9178835F1C49625100468532 /* Build configuration list for PBXNativeTarget "weekOneAssesment" */ = {
			isa = XCConfigurationList;
			buildConfigurations = (
				917883601C49625100468532 /* Debug */,
				917883611C49625100468532 /* Release */,
			);
			defaultConfigurationIsVisible = 0;
		};
/* End XCConfigurationList section */
	};
	rootObject = 917883401C49625100468532 /* Project object */;
}
