// !$*UTF8*$!
{
	archiveVersion = 1;
	classes = {
	};
	objectVersion = 46;
	objects = {

/* Begin PBXBuildFile section */
		91AFD8CC1C580BA700B41D71 /* main.m in Sources */ = {isa = PBXBuildFile; fileRef = 91AFD8CB1C580BA700B41D71 /* main.m */; };
		91AFD8CF1C580BA700B41D71 /* AppDelegate.m in Sources */ = {isa = PBXBuildFile; fileRef = 91AFD8CE1C580BA700B41D71 /* AppDelegate.m */; };
		91AFD8D51C580BA800B41D71 /* Main.storyboard in Resources */ = {isa = PBXBuildFile; fileRef = 91AFD8D31C580BA800B41D71 /* Main.storyboard */; };
		91AFD8D81C580BA800B41D71 /* CoreData.xcdatamodeld in Sources */ = {isa = PBXBuildFile; fileRef = 91AFD8D61C580BA800B41D71 /* CoreData.xcdatamodeld */; };
		91AFD8DA1C580BA800B41D71 /* Assets.xcassets in Resources */ = {isa = PBXBuildFile; fileRef = 91AFD8D91C580BA800B41D71 /* Assets.xcassets */; };
		91AFD8DD1C580BA800B41D71 /* LaunchScreen.storyboard in Resources */ = {isa = PBXBuildFile; fileRef = 91AFD8DB1C580BA800B41D71 /* LaunchScreen.storyboard */; };
		91AFD8E61C580C6300B41D71 /* TableViewController.m in Sources */ = {isa = PBXBuildFile; fileRef = 91AFD8E51C580C6300B41D71 /* TableViewController.m */; };
/* End PBXBuildFile section */

/* Begin PBXFileReference section */
		91AFD8C71C580BA700B41D71 /* CoreData.app */ = {isa = PBXFileReference; explicitFileType = wrapper.application; includeInIndex = 0; path = CoreData.app; sourceTree = BUILT_PRODUCTS_DIR; };
		91AFD8CB1C580BA700B41D71 /* main.m */ = {isa = PBXFileReference; lastKnownFileType = sourcecode.c.objc; path = main.m; sourceTree = "<group>"; };
		91AFD8CD1C580BA700B41D71 /* AppDelegate.h */ = {isa = PBXFileReference; lastKnownFileType = sourcecode.c.h; path = AppDelegate.h; sourceTree = "<group>"; };
		91AFD8CE1C580BA700B41D71 /* AppDelegate.m */ = {isa = PBXFileReference; lastKnownFileType = sourcecode.c.objc; path = AppDelegate.m; sourceTree = "<group>"; };
		91AFD8D41C580BA800B41D71 /* Base */ = {isa = PBXFileReference; lastKnownFileType = file.storyboard; name = Base; path = Base.lproj/Main.storyboard; sourceTree = "<group>"; };
		91AFD8D71C580BA800B41D71 /* CoreData.xcdatamodel */ = {isa = PBXFileReference; lastKnownFileType = wrapper.xcdatamodel; path = CoreData.xcdatamodel; sourceTree = "<group>"; };
		91AFD8D91C580BA800B41D71 /* Assets.xcassets */ = {isa = PBXFileReference; lastKnownFileType = folder.assetcatalog; path = Assets.xcassets; sourceTree = "<group>"; };
		91AFD8DC1C580BA800B41D71 /* Base */ = {isa = PBXFileReference; lastKnownFileType = file.storyboard; name = Base; path = Base.lproj/LaunchScreen.storyboard; sourceTree = "<group>"; };
		91AFD8DE1C580BA800B41D71 /* Info.plist */ = {isa = PBXFileReference; lastKnownFileType = text.plist.xml; path = Info.plist; sourceTree = "<group>"; };
		91AFD8E41C580C6300B41D71 /* TableViewController.h */ = {isa = PBXFileReference; fileEncoding = 4; lastKnownFileType = sourcecode.c.h; path = TableViewController.h; sourceTree = "<group>"; };
		91AFD8E51C580C6300B41D71 /* TableViewController.m */ = {isa = PBXFileReference; fileEncoding = 4; lastKnownFileType = sourcecode.c.objc; path = TableViewController.m; sourceTree = "<group>"; };
/* End PBXFileReference section */

/* Begin PBXFrameworksBuildPhase section */
		91AFD8C41C580BA700B41D71 /* Frameworks */ = {
			isa = PBXFrameworksBuildPhase;
			buildActionMask = 2147483647;
			files = (
			);
			runOnlyForDeploymentPostprocessing = 0;
		};
/* End PBXFrameworksBuildPhase section */

/* Begin PBXGroup section */
		91AFD8BE1C580BA700B41D71 = {
			isa = PBXGroup;
			children = (
				91AFD8C91C580BA700B41D71 /* CoreData */,
				91AFD8C81C580BA700B41D71 /* Products */,
			);
			sourceTree = "<group>";
		};
		91AFD8C81C580BA700B41D71 /* Products */ = {
			isa = PBXGroup;
			children = (
				91AFD8C71C580BA700B41D71 /* CoreData.app */,
			);
			name = Products;
			sourceTree = "<group>";
		};
		91AFD8C91C580BA700B41D71 /* CoreData */ = {
			isa = PBXGroup;
			children = (
				91AFD8CD1C580BA700B41D71 /* AppDelegate.h */,
				91AFD8CE1C580BA700B41D71 /* AppDelegate.m */,
				91AFD8D31C580BA800B41D71 /* Main.storyboard */,
				91AFD8E41C580C6300B41D71 /* TableViewController.h */,
				91AFD8E51C580C6300B41D71 /* TableViewController.m */,
				91AFD8D91C580BA800B41D71 /* Assets.xcassets */,
				91AFD8DB1C580BA800B41D71 /* LaunchScreen.storyboard */,
				91AFD8DE1C580BA800B41D71 /* Info.plist */,
				91AFD8D61C580BA800B41D71 /* CoreData.xcdatamodeld */,
				91AFD8CA1C580BA700B41D71 /* Supporting Files */,
			);
			path = CoreData;
			sourceTree = "<group>";
		};
		91AFD8CA1C580BA700B41D71 /* Supporting Files */ = {
			isa = PBXGroup;
			children = (
				91AFD8CB1C580BA700B41D71 /* main.m */,
			);
			name = "Supporting Files";
			sourceTree = "<group>";
		};
/* End PBXGroup section */

/* Begin PBXNativeTarget section */
		91AFD8C61C580BA700B41D71 /* CoreData */ = {
			isa = PBXNativeTarget;
			buildConfigurationList = 91AFD8E11C580BA800B41D71 /* Build configuration list for PBXNativeTarget "CoreData" */;
			buildPhases = (
				91AFD8C31C580BA700B41D71 /* Sources */,
				91AFD8C41C580BA700B41D71 /* Frameworks */,
				91AFD8C51C580BA700B41D71 /* Resources */,
			);
			buildRules = (
			);
			dependencies = (
			);
			name = CoreData;
			productName = CoreData;
			productReference = 91AFD8C71C580BA700B41D71 /* CoreData.app */;
			productType = "com.apple.product-type.application";
		};
/* End PBXNativeTarget section */

/* Begin PBXProject section */
		91AFD8BF1C580BA700B41D71 /* Project object */ = {
			isa = PBXProject;
			attributes = {
				LastUpgradeCheck = 0720;
				ORGANIZATIONNAME = "Bikis Design";
				TargetAttributes = {
					91AFD8C61C580BA700B41D71 = {
						CreatedOnToolsVersion = 7.2;
					};
				};
			};
			buildConfigurationList = 91AFD8C21C580BA700B41D71 /* Build configuration list for PBXProject "CoreData" */;
			compatibilityVersion = "Xcode 3.2";
			developmentRegion = English;
			hasScannedForEncodings = 0;
			knownRegions = (
				en,
				Base,
			);
			mainGroup = 91AFD8BE1C580BA700B41D71;
			productRefGroup = 91AFD8C81C580BA700B41D71 /* Products */;
			projectDirPath = "";
			projectRoot = "";
			targets = (
				91AFD8C61C580BA700B41D71 /* CoreData */,
			);
		};
/* End PBXProject section */

/* Begin PBXResourcesBuildPhase section */
		91AFD8C51C580BA700B41D71 /* Resources */ = {
			isa = PBXResourcesBuildPhase;
			buildActionMask = 2147483647;
			files = (
				91AFD8DD1C580BA800B41D71 /* LaunchScreen.storyboard in Resources */,
				91AFD8DA1C580BA800B41D71 /* Assets.xcassets in Resources */,
				91AFD8D51C580BA800B41D71 /* Main.storyboard in Resources */,
			);
			runOnlyForDeploymentPostprocessing = 0;
		};
/* End PBXResourcesBuildPhase section */

/* Begin PBXSourcesBuildPhase section */
		91AFD8C31C580BA700B41D71 /* Sources */ = {
			isa = PBXSourcesBuildPhase;
			buildActionMask = 2147483647;
			files = (
				91AFD8D81C580BA800B41D71 /* CoreData.xcdatamodeld in Sources */,
				91AFD8CF1C580BA700B41D71 /* AppDelegate.m in Sources */,
				91AFD8CC1C580BA700B41D71 /* main.m in Sources */,
				91AFD8E61C580C6300B41D71 /* TableViewController.m in Sources */,
			);
			runOnlyForDeploymentPostprocessing = 0;
		};
/* End PBXSourcesBuildPhase section */

/* Begin PBXVariantGroup section */
		91AFD8D31C580BA800B41D71 /* Main.storyboard */ = {
			isa = PBXVariantGroup;
			children = (
				91AFD8D41C580BA800B41D71 /* Base */,
			);
			name = Main.storyboard;
			sourceTree = "<group>";
		};
		91AFD8DB1C580BA800B41D71 /* LaunchScreen.storyboard */ = {
			isa = PBXVariantGroup;
			children = (
				91AFD8DC1C580BA800B41D71 /* Base */,
			);
			name = LaunchScreen.storyboard;
			sourceTree = "<group>";
		};
/* End PBXVariantGroup section */

/* Begin XCBuildConfiguration section */
		91AFD8DF1C580BA800B41D71 /* Debug */ = {
			isa = XCBuildConfiguration;
			buildSettings = {
				ALWAYS_SEARCH_USER_PATHS = NO;
				CLANG_CXX_LANGUAGE_STANDARD = "gnu++0x";
				CLANG_CXX_LIBRARY = "libc++";
				CLANG_ENABLE_MODULES = YES;
				CLANG_ENABLE_OBJC_ARC = YES;
				CLANG_WARN_BOOL_CONVERSION = YES;
				CLANG_WARN_CONSTANT_CONVERSION = YES;
				CLANG_WARN_DIRECT_OBJC_ISA_USAGE = YES_ERROR;
				CLANG_WARN_EMPTY_BODY = YES;
				CLANG_WARN_ENUM_CONVERSION = YES;
				CLANG_WARN_INT_CONVERSION = YES;
				CLANG_WARN_OBJC_ROOT_CLASS = YES_ERROR;
				CLANG_WARN_UNREACHABLE_CODE = YES;
				CLANG_WARN__DUPLICATE_METHOD_MATCH = YES;
				"CODE_SIGN_IDENTITY[sdk=iphoneos*]" = "iPhone Developer";
				COPY_PHASE_STRIP = NO;
				DEBUG_INFORMATION_FORMAT = dwarf;
				ENABLE_STRICT_OBJC_MSGSEND = YES;
				ENABLE_TESTABILITY = YES;
				GCC_C_LANGUAGE_STANDARD = gnu99;
				GCC_DYNAMIC_NO_PIC = NO;
				GCC_NO_COMMON_BLOCKS = YES;
				GCC_OPTIMIZATION_LEVEL = 0;
				GCC_PREPROCESSOR_DEFINITIONS = (
					"DEBUG=1",
					"$(inherited)",
				);
				GCC_WARN_64_TO_32_BIT_CONVERSION = YES;
				GCC_WARN_ABOUT_RETURN_TYPE = YES_ERROR;
				GCC_WARN_UNDECLARED_SELECTOR = YES;
				GCC_WARN_UNINITIALIZED_AUTOS = YES_AGGRESSIVE;
				GCC_WARN_UNUSED_FUNCTION = YES;
				GCC_WARN_UNUSED_VARIABLE = YES;
				IPHONEOS_DEPLOYMENT_TARGET = 9.2;
				MTL_ENABLE_DEBUG_INFO = YES;
				ONLY_ACTIVE_ARCH = YES;
				SDKROOT = iphoneos;
			};
			name = Debug;
		};
		91AFD8E01C580BA800B41D71 /* Release */ = {
			isa = XCBuildConfiguration;
			buildSettings = {
				ALWAYS_SEARCH_USER_PATHS = NO;
				CLANG_CXX_LANGUAGE_STANDARD = "gnu++0x";
				CLANG_CXX_LIBRARY = "libc++";
				CLANG_ENABLE_MODULES = YES;
				CLANG_ENABLE_OBJC_ARC = YES;
				CLANG_WARN_BOOL_CONVERSION = YES;
				CLANG_WARN_CONSTANT_CONVERSION = YES;
				CLANG_WARN_DIRECT_OBJC_ISA_USAGE = YES_ERROR;
				CLANG_WARN_EMPTY_BODY = YES;
				CLANG_WARN_ENUM_CONVERSION = YES;
				CLANG_WARN_INT_CONVERSION = YES;
				CLANG_WARN_OBJC_ROOT_CLASS = YES_ERROR;
				CLANG_WARN_UNREACHABLE_CODE = YES;
				CLANG_WARN__DUPLICATE_METHOD_MATCH = YES;
				"CODE_SIGN_IDENTITY[sdk=iphoneos*]" = "iPhone Developer";
				COPY_PHASE_STRIP = NO;
				DEBUG_INFORMATION_FORMAT = "dwarf-with-dsym";
				ENABLE_NS_ASSERTIONS = NO;
				ENABLE_STRICT_OBJC_MSGSEND = YES;
				GCC_C_LANGUAGE_STANDARD = gnu99;
				GCC_NO_COMMON_BLOCKS = YES;
				GCC_WARN_64_TO_32_BIT_CONVERSION = YES;
				GCC_WARN_ABOUT_RETURN_TYPE = YES_ERROR;
				GCC_WARN_UNDECLARED_SELECTOR = YES;
				GCC_WARN_UNINITIALIZED_AUTOS = YES_AGGRESSIVE;
				GCC_WARN_UNUSED_FUNCTION = YES;
				GCC_WARN_UNUSED_VARIABLE = YES;
				IPHONEOS_DEPLOYMENT_TARGET = 9.2;
				MTL_ENABLE_DEBUG_INFO = NO;
				SDKROOT = iphoneos;
				VALIDATE_PRODUCT = YES;
			};
			name = Release;
		};
		91AFD8E21C580BA800B41D71 /* Debug */ = {
			isa = XCBuildConfiguration;
			buildSettings = {
				ASSETCATALOG_COMPILER_APPICON_NAME = AppIcon;
				INFOPLIST_FILE = CoreData/Info.plist;
				LD_RUNPATH_SEARCH_PATHS = "$(inherited) @executable_path/Frameworks";
				PRODUCT_BUNDLE_IDENTIFIER = "com.mp-design.CoreData";
				PRODUCT_NAME = "$(TARGET_NAME)";
			};
			name = Debug;
		};
		91AFD8E31C580BA800B41D71 /* Release */ = {
			isa = XCBuildConfiguration;
			buildSettings = {
				ASSETCATALOG_COMPILER_APPICON_NAME = AppIcon;
				INFOPLIST_FILE = CoreData/Info.plist;
				LD_RUNPATH_SEARCH_PATHS = "$(inherited) @executable_path/Frameworks";
				PRODUCT_BUNDLE_IDENTIFIER = "com.mp-design.CoreData";
				PRODUCT_NAME = "$(TARGET_NAME)";
			};
			name = Release;
		};
/* End XCBuildConfiguration section */

/* Begin XCConfigurationList section */
		91AFD8C21C580BA700B41D71 /* Build configuration list for PBXProject "CoreData" */ = {
			isa = XCConfigurationList;
			buildConfigurations = (
				91AFD8DF1C580BA800B41D71 /* Debug */,
				91AFD8E01C580BA800B41D71 /* Release */,
			);
			defaultConfigurationIsVisible = 0;
			defaultConfigurationName = Release;
		};
		91AFD8E11C580BA800B41D71 /* Build configuration list for PBXNativeTarget "CoreData" */ = {
			isa = XCConfigurationList;
			buildConfigurations = (
				91AFD8E21C580BA800B41D71 /* Debug */,
				91AFD8E31C580BA800B41D71 /* Release */,
			);
			defaultConfigurationIsVisible = 0;
			defaultConfigurationName = Release;
		};
/* End XCConfigurationList section */

/* Begin XCVersionGroup section */
		91AFD8D61C580BA800B41D71 /* CoreData.xcdatamodeld */ = {
			isa = XCVersionGroup;
			children = (
				91AFD8D71C580BA800B41D71 /* CoreData.xcdatamodel */,
			);
			currentVersion = 91AFD8D71C580BA800B41D71 /* CoreData.xcdatamodel */;
			path = CoreData.xcdatamodeld;
			sourceTree = "<group>";
			versionGroupType = wrapper.xcdatamodel;
		};
/* End XCVersionGroup section */
	};
	rootObject = 91AFD8BF1C580BA700B41D71 /* Project object */;
}
